// !$*UTF8*$!
{
	archiveVersion = 1;
	classes = {
	};
	objectVersion = 46;
	objects = {

/* Begin PBXBuildFile section */
		B116729D1DC241E100C5E9BF /* main.m in Sources */ = {isa = PBXBuildFile; fileRef = B116729C1DC241E100C5E9BF /* main.m */; };
		B11672A01DC241E100C5E9BF /* AppDelegate.m in Sources */ = {isa = PBXBuildFile; fileRef = B116729F1DC241E100C5E9BF /* AppDelegate.m */; };
		B11672A61DC241E100C5E9BF /* Main.storyboard in Resources */ = {isa = PBXBuildFile; fileRef = B11672A41DC241E100C5E9BF /* Main.storyboard */; };
		B11672AB1DC241E100C5E9BF /* LaunchScreen.storyboard in Resources */ = {isa = PBXBuildFile; fileRef = B11672A91DC241E100C5E9BF /* LaunchScreen.storyboard */; };
		B11672C01DC249ED00C5E9BF /* guide0.mp4 in Resources */ = {isa = PBXBuildFile; fileRef = B11672BC1DC249ED00C5E9BF /* guide0.mp4 */; };
		B11672C11DC249ED00C5E9BF /* guide1.mp4 in Resources */ = {isa = PBXBuildFile; fileRef = B11672BD1DC249ED00C5E9BF /* guide1.mp4 */; };
		B11672C21DC249ED00C5E9BF /* guide2.mp4 in Resources */ = {isa = PBXBuildFile; fileRef = B11672BE1DC249ED00C5E9BF /* guide2.mp4 */; };
		B11672C31DC249ED00C5E9BF /* guide3.mp4 in Resources */ = {isa = PBXBuildFile; fileRef = B11672BF1DC249ED00C5E9BF /* guide3.mp4 */; };
		B11672C81DC24A4E00C5E9BF /* Assets.xcassets in Resources */ = {isa = PBXBuildFile; fileRef = B11672C71DC24A4E00C5E9BF /* Assets.xcassets */; };
		B11672CB1DC24C0600C5E9BF /* NewPropertyViewController.m in Sources */ = {isa = PBXBuildFile; fileRef = B11672CA1DC24C0600C5E9BF /* NewPropertyViewController.m */; };
		B11672CE1DC24E9D00C5E9BF /* NewPropertyFlowLayout.m in Sources */ = {isa = PBXBuildFile; fileRef = B11672CD1DC24E9D00C5E9BF /* NewPropertyFlowLayout.m */; };
		B11672D11DC24FA700C5E9BF /* NewPropertyCell.m in Sources */ = {isa = PBXBuildFile; fileRef = B11672D01DC24FA700C5E9BF /* NewPropertyCell.m */; };
		B11672D41DC257F600C5E9BF /* HomeViewController.m in Sources */ = {isa = PBXBuildFile; fileRef = B11672D31DC257F600C5E9BF /* HomeViewController.m */; };
/* End PBXBuildFile section */

/* Begin PBXFileReference section */
		B11672981DC241E100C5E9BF /* NewProperty.app */ = {isa = PBXFileReference; explicitFileType = wrapper.application; includeInIndex = 0; path = NewProperty.app; sourceTree = BUILT_PRODUCTS_DIR; };
		B116729C1DC241E100C5E9BF /* main.m */ = {isa = PBXFileReference; lastKnownFileType = sourcecode.c.objc; path = main.m; sourceTree = "<group>"; };
		B116729E1DC241E100C5E9BF /* AppDelegate.h */ = {isa = PBXFileReference; lastKnownFileType = sourcecode.c.h; path = AppDelegate.h; sourceTree = "<group>"; };
		B116729F1DC241E100C5E9BF /* AppDelegate.m */ = {isa = PBXFileReference; lastKnownFileType = sourcecode.c.objc; path = AppDelegate.m; sourceTree = "<group>"; };
		B11672A51DC241E100C5E9BF /* Base */ = {isa = PBXFileReference; lastKnownFileType = file.storyboard; name = Base; path = Base.lproj/Main.storyboard; sourceTree = "<group>"; };
		B11672AA1DC241E100C5E9BF /* Base */ = {isa = PBXFileReference; lastKnownFileType = file.storyboard; name = Base; path = Base.lproj/LaunchScreen.storyboard; sourceTree = "<group>"; };
		B11672AC1DC241E100C5E9BF /* Info.plist */ = {isa = PBXFileReference; lastKnownFileType = text.plist.xml; path = Info.plist; sourceTree = "<group>"; };
		B11672BC1DC249ED00C5E9BF /* guide0.mp4 */ = {isa = PBXFileReference; lastKnownFileType = file; path = guide0.mp4; sourceTree = "<group>"; };
		B11672BD1DC249ED00C5E9BF /* guide1.mp4 */ = {isa = PBXFileReference; lastKnownFileType = file; path = guide1.mp4; sourceTree = "<group>"; };
		B11672BE1DC249ED00C5E9BF /* guide2.mp4 */ = {isa = PBXFileReference; lastKnownFileType = file; path = guide2.mp4; sourceTree = "<group>"; };
		B11672BF1DC249ED00C5E9BF /* guide3.mp4 */ = {isa = PBXFileReference; lastKnownFileType = file; path = guide3.mp4; sourceTree = "<group>"; };
		B11672C71DC24A4E00C5E9BF /* Assets.xcassets */ = {isa = PBXFileReference; lastKnownFileType = folder.assetcatalog; name = Assets.xcassets; path = Resource/Assets.xcassets; sourceTree = "<group>"; };
		B11672C91DC24C0600C5E9BF /* NewPropertyViewController.h */ = {isa = PBXFileReference; fileEncoding = 4; lastKnownFileType = sourcecode.c.h; path = NewPropertyViewController.h; sourceTree = "<group>"; };
		B11672CA1DC24C0600C5E9BF /* NewPropertyViewController.m */ = {isa = PBXFileReference; fileEncoding = 4; lastKnownFileType = sourcecode.c.objc; path = NewPropertyViewController.m; sourceTree = "<group>"; };
		B11672CC1DC24E9D00C5E9BF /* NewPropertyFlowLayout.h */ = {isa = PBXFileReference; fileEncoding = 4; lastKnownFileType = sourcecode.c.h; path = NewPropertyFlowLayout.h; sourceTree = "<group>"; };
		B11672CD1DC24E9D00C5E9BF /* NewPropertyFlowLayout.m */ = {isa = PBXFileReference; fileEncoding = 4; lastKnownFileType = sourcecode.c.objc; path = NewPropertyFlowLayout.m; sourceTree = "<group>"; };
		B11672CF1DC24FA700C5E9BF /* NewPropertyCell.h */ = {isa = PBXFileReference; fileEncoding = 4; lastKnownFileType = sourcecode.c.h; path = NewPropertyCell.h; sourceTree = "<group>"; };
		B11672D01DC24FA700C5E9BF /* NewPropertyCell.m */ = {isa = PBXFileReference; fileEncoding = 4; lastKnownFileType = sourcecode.c.objc; path = NewPropertyCell.m; sourceTree = "<group>"; };
		B11672D21DC257F600C5E9BF /* HomeViewController.h */ = {isa = PBXFileReference; fileEncoding = 4; lastKnownFileType = sourcecode.c.h; path = HomeViewController.h; sourceTree = "<group>"; };
		B11672D31DC257F600C5E9BF /* HomeViewController.m */ = {isa = PBXFileReference; fileEncoding = 4; lastKnownFileType = sourcecode.c.objc; path = HomeViewController.m; sourceTree = "<group>"; };
/* End PBXFileReference section */

/* Begin PBXFrameworksBuildPhase section */
		B11672951DC241E100C5E9BF /* Frameworks */ = {
			isa = PBXFrameworksBuildPhase;
			buildActionMask = 2147483647;
			files = (
			);
			runOnlyForDeploymentPostprocessing = 0;
		};
/* End PBXFrameworksBuildPhase section */

/* Begin PBXGroup section */
		B116728F1DC241E100C5E9BF = {
			isa = PBXGroup;
			children = (
				B116729A1DC241E100C5E9BF /* NewProperty */,
				B11672991DC241E100C5E9BF /* Products */,
			);
			sourceTree = "<group>";
		};
		B11672991DC241E100C5E9BF /* Products */ = {
			isa = PBXGroup;
			children = (
				B11672981DC241E100C5E9BF /* NewProperty.app */,
			);
			name = Products;
			sourceTree = "<group>";
		};
		B116729A1DC241E100C5E9BF /* NewProperty */ = {
			isa = PBXGroup;
			children = (
				B116729E1DC241E100C5E9BF /* AppDelegate.h */,
				B116729F1DC241E100C5E9BF /* AppDelegate.m */,
				B11672D21DC257F600C5E9BF /* HomeViewController.h */,
				B11672D31DC257F600C5E9BF /* HomeViewController.m */,
				B11672C51DC24A0600C5E9BF /* Cell */,
				B11672C61DC24A0600C5E9BF /* Layout */,
				B11672C41DC249F900C5E9BF /* Class */,
				B11672BB1DC249ED00C5E9BF /* Resource */,
				B11672A41DC241E100C5E9BF /* Main.storyboard */,
				B116729B1DC241E100C5E9BF /* Supporting Files */,
			);
			path = NewProperty;
			sourceTree = "<group>";
		};
		B116729B1DC241E100C5E9BF /* Supporting Files */ = {
			isa = PBXGroup;
			children = (
				B11672A91DC241E100C5E9BF /* LaunchScreen.storyboard */,
				B11672C71DC24A4E00C5E9BF /* Assets.xcassets */,
				B11672AC1DC241E100C5E9BF /* Info.plist */,
				B116729C1DC241E100C5E9BF /* main.m */,
			);
			name = "Supporting Files";
			sourceTree = "<group>";
		};
		B11672BB1DC249ED00C5E9BF /* Resource */ = {
			isa = PBXGroup;
			children = (
				B11672BC1DC249ED00C5E9BF /* guide0.mp4 */,
				B11672BD1DC249ED00C5E9BF /* guide1.mp4 */,
				B11672BE1DC249ED00C5E9BF /* guide2.mp4 */,
				B11672BF1DC249ED00C5E9BF /* guide3.mp4 */,
			);
			path = Resource;
			sourceTree = "<group>";
		};
		B11672C41DC249F900C5E9BF /* Class */ = {
			isa = PBXGroup;
			children = (
				B11672C91DC24C0600C5E9BF /* NewPropertyViewController.h */,
				B11672CA1DC24C0600C5E9BF /* NewPropertyViewController.m */,
			);
			path = Class;
			sourceTree = "<group>";
		};
		B11672C51DC24A0600C5E9BF /* Cell */ = {
			isa = PBXGroup;
			children = (
				B11672CF1DC24FA700C5E9BF /* NewPropertyCell.h */,
				B11672D01DC24FA700C5E9BF /* NewPropertyCell.m */,
			);
			path = Cell;
			sourceTree = "<group>";
		};
		B11672C61DC24A0600C5E9BF /* Layout */ = {
			isa = PBXGroup;
			children = (
				B11672CC1DC24E9D00C5E9BF /* NewPropertyFlowLayout.h */,
				B11672CD1DC24E9D00C5E9BF /* NewPropertyFlowLayout.m */,
			);
			path = Layout;
			sourceTree = "<group>";
		};
/* End PBXGroup section */

/* Begin PBXNativeTarget section */
		B11672971DC241E100C5E9BF /* NewProperty */ = {
			isa = PBXNativeTarget;
			buildConfigurationList = B11672AF1DC241E100C5E9BF /* Build configuration list for PBXNativeTarget "NewProperty" */;
			buildPhases = (
				B11672941DC241E100C5E9BF /* Sources */,
				B11672951DC241E100C5E9BF /* Frameworks */,
				B11672961DC241E100C5E9BF /* Resources */,
			);
			buildRules = (
			);
			dependencies = (
			);
			name = NewProperty;
			productName = NewProperty;
			productReference = B11672981DC241E100C5E9BF /* NewProperty.app */;
			productType = "com.apple.product-type.application";
		};
/* End PBXNativeTarget section */

/* Begin PBXProject section */
		B11672901DC241E100C5E9BF /* Project object */ = {
			isa = PBXProject;
			attributes = {
				LastUpgradeCheck = 0730;
				ORGANIZATIONNAME = imo;
				TargetAttributes = {
					B11672971DC241E100C5E9BF = {
						CreatedOnToolsVersion = 7.3.1;
						DevelopmentTeam = 675RQVL26D;
					};
				};
			};
			buildConfigurationList = B11672931DC241E100C5E9BF /* Build configuration list for PBXProject "NewProperty" */;
			compatibilityVersion = "Xcode 3.2";
			developmentRegion = English;
			hasScannedForEncodings = 0;
			knownRegions = (
				en,
				Base,
			);
			mainGroup = B116728F1DC241E100C5E9BF;
			productRefGroup = B11672991DC241E100C5E9BF /* Products */;
			projectDirPath = "";
			projectRoot = "";
			targets = (
				B11672971DC241E100C5E9BF /* NewProperty */,
			);
		};
/* End PBXProject section */

/* Begin PBXResourcesBuildPhase section */
		B11672961DC241E100C5E9BF /* Resources */ = {
			isa = PBXResourcesBuildPhase;
			buildActionMask = 2147483647;
			files = (
				B11672C31DC249ED00C5E9BF /* guide3.mp4 in Resources */,
				B11672C11DC249ED00C5E9BF /* guide1.mp4 in Resources */,
				B11672AB1DC241E100C5E9BF /* LaunchScreen.storyboard in Resources */,
				B11672C21DC249ED00C5E9BF /* guide2.mp4 in Resources */,
				B11672C81DC24A4E00C5E9BF /* Assets.xcassets in Resources */,
				B11672A61DC241E100C5E9BF /* Main.storyboard in Resources */,
				B11672C01DC249ED00C5E9BF /* guide0.mp4 in Resources */,
			);
			runOnlyForDeploymentPostprocessing = 0;
		};
/* End PBXResourcesBuildPhase section */

/* Begin PBXSourcesBuildPhase section */
		B11672941DC241E100C5E9BF /* Sources */ = {
			isa = PBXSourcesBuildPhase;
			buildActionMask = 2147483647;
			files = (
				B11672CB1DC24C0600C5E9BF /* NewPropertyViewController.m in Sources */,
				B11672D11DC24FA700C5E9BF /* NewPropertyCell.m in Sources */,
				B11672A01DC241E100C5E9BF /* AppDelegate.m in Sources */,
				B116729D1DC241E100C5E9BF /* main.m in Sources */,
				B11672CE1DC24E9D00C5E9BF /* NewPropertyFlowLayout.m in Sources */,
				B11672D41DC257F600C5E9BF /* HomeViewController.m in Sources */,
			);
			runOnlyForDeploymentPostprocessing = 0;
		};
/* End PBXSourcesBuildPhase section */

/* Begin PBXVariantGroup section */
		B11672A41DC241E100C5E9BF /* Main.storyboard */ = {
			isa = PBXVariantGroup;
			children = (
				B11672A51DC241E100C5E9BF /* Base */,
			);
			name = Main.storyboard;
			sourceTree = "<group>";
		};
		B11672A91DC241E100C5E9BF /* LaunchScreen.storyboard */ = {
			isa = PBXVariantGroup;
			children = (
				B11672AA1DC241E100C5E9BF /* Base */,
			);
			name = LaunchScreen.storyboard;
			sourceTree = "<group>";
		};
/* End PBXVariantGroup section */

/* Begin XCBuildConfiguration section */
		B11672AD1DC241E100C5E9BF /* Debug */ = {
			isa = XCBuildConfiguration;
			buildSettings = {
				ALWAYS_SEARCH_USER_PATHS = NO;
				CLANG_ANALYZER_NONNULL = YES;
				CLANG_CXX_LANGUAGE_STANDARD = "gnu++0x";
				CLANG_CXX_LIBRARY = "libc++";
				CLANG_ENABLE_MODULES = YES;
				CLANG_ENABLE_OBJC_ARC = YES;
				CLANG_WARN_BOOL_CONVERSION = YES;
				CLANG_WARN_CONSTANT_CONVERSION = YES;
				CLANG_WARN_DIRECT_OBJC_ISA_USAGE = YES_ERROR;
				CLANG_WARN_EMPTY_BODY = YES;
				CLANG_WARN_ENUM_CONVERSION = YES;
				CLANG_WARN_INT_CONVERSION = YES;
				CLANG_WARN_OBJC_ROOT_CLASS = YES_ERROR;
				CLANG_WARN_UNREACHABLE_CODE = YES;
				CLANG_WARN__DUPLICATE_METHOD_MATCH = YES;
				"CODE_SIGN_IDENTITY[sdk=iphoneos*]" = "iPhone Developer";
				COPY_PHASE_STRIP = NO;
				DEBUG_INFORMATION_FORMAT = dwarf;
				ENABLE_STRICT_OBJC_MSGSEND = YES;
				ENABLE_TESTABILITY = YES;
				GCC_C_LANGUAGE_STANDARD = gnu99;
				GCC_DYNAMIC_NO_PIC = NO;
				GCC_NO_COMMON_BLOCKS = YES;
				GCC_OPTIMIZATION_LEVEL = 0;
				GCC_PREPROCESSOR_DEFINITIONS = (
					"DEBUG=1",
					"$(inherited)",
				);
				GCC_WARN_64_TO_32_BIT_CONVERSION = YES;
				GCC_WARN_ABOUT_RETURN_TYPE = YES_ERROR;
				GCC_WARN_UNDECLARED_SELECTOR = YES;
				GCC_WARN_UNINITIALIZED_AUTOS = YES_AGGRESSIVE;
				GCC_WARN_UNUSED_FUNCTION = YES;
				GCC_WARN_UNUSED_VARIABLE = YES;
				IPHONEOS_DEPLOYMENT_TARGET = 9.3;
				MTL_ENABLE_DEBUG_INFO = YES;
				ONLY_ACTIVE_ARCH = YES;
				SDKROOT = iphoneos;
			};
			name = Debug;
		};
		B11672AE1DC241E100C5E9BF /* Release */ = {
			isa = XCBuildConfiguration;
			buildSettings = {
				ALWAYS_SEARCH_USER_PATHS = NO;
				CLANG_ANALYZER_NONNULL = YES;
				CLANG_CXX_LANGUAGE_STANDARD = "gnu++0x";
				CLANG_CXX_LIBRARY = "libc++";
				CLANG_ENABLE_MODULES = YES;
				CLANG_ENABLE_OBJC_ARC = YES;
				CLANG_WARN_BOOL_CONVERSION = YES;
				CLANG_WARN_CONSTANT_CONVERSION = YES;
				CLANG_WARN_DIRECT_OBJC_ISA_USAGE = YES_ERROR;
				CLANG_WARN_EMPTY_BODY = YES;
				CLANG_WARN_ENUM_CONVERSION = YES;
				CLANG_WARN_INT_CONVERSION = YES;
				CLANG_WARN_OBJC_ROOT_CLASS = YES_ERROR;
				CLANG_WARN_UNREACHABLE_CODE = YES;
				CLANG_WARN__DUPLICATE_METHOD_MATCH = YES;
				"CODE_SIGN_IDENTITY[sdk=iphoneos*]" = "iPhone Developer";
				COPY_PHASE_STRIP = NO;
				DEBUG_INFORMATION_FORMAT = "dwarf-with-dsym";
				ENABLE_NS_ASSERTIONS = NO;
				ENABLE_STRICT_OBJC_MSGSEND = YES;
				GCC_C_LANGUAGE_STANDARD = gnu99;
				GCC_NO_COMMON_BLOCKS = YES;
				GCC_WARN_64_TO_32_BIT_CONVERSION = YES;
				GCC_WARN_ABOUT_RETURN_TYPE = YES_ERROR;
				GCC_WARN_UNDECLARED_SELECTOR = YES;
				GCC_WARN_UNINITIALIZED_AUTOS = YES_AGGRESSIVE;
				GCC_WARN_UNUSED_FUNCTION = YES;
				GCC_WARN_UNUSED_VARIABLE = YES;
				IPHONEOS_DEPLOYMENT_TARGET = 9.3;
				MTL_ENABLE_DEBUG_INFO = NO;
				SDKROOT = iphoneos;
				VALIDATE_PRODUCT = YES;
			};
			name = Release;
		};
		B11672B01DC241E100C5E9BF /* Debug */ = {
			isa = XCBuildConfiguration;
			buildSettings = {
				ASSETCATALOG_COMPILER_APPICON_NAME = AppIcon;
				CODE_SIGN_IDENTITY = "iPhone Developer";
				INFOPLIST_FILE = NewProperty/Info.plist;
				LD_RUNPATH_SEARCH_PATHS = "$(inherited) @executable_path/Frameworks";
				PRODUCT_BUNDLE_IDENTIFIER = com.imo.NewProperty;
				PRODUCT_NAME = "$(TARGET_NAME)";
			};
			name = Debug;
		};
		B11672B11DC241E100C5E9BF /* Release */ = {
			isa = XCBuildConfiguration;
			buildSettings = {
				ASSETCATALOG_COMPILER_APPICON_NAME = AppIcon;
				CODE_SIGN_IDENTITY = "iPhone Developer";
				INFOPLIST_FILE = NewProperty/Info.plist;
				LD_RUNPATH_SEARCH_PATHS = "$(inherited) @executable_path/Frameworks";
				PRODUCT_BUNDLE_IDENTIFIER = com.imo.NewProperty;
				PRODUCT_NAME = "$(TARGET_NAME)";
			};
			name = Release;
		};
/* End XCBuildConfiguration section */

/* Begin XCConfigurationList section */
		B11672931DC241E100C5E9BF /* Build configuration list for PBXProject "NewProperty" */ = {
			isa = XCConfigurationList;
			buildConfigurations = (
				B11672AD1DC241E100C5E9BF /* Debug */,
				B11672AE1DC241E100C5E9BF /* Release */,
			);
			defaultConfigurationIsVisible = 0;
			defaultConfigurationName = Release;
		};
		B11672AF1DC241E100C5E9BF /* Build configuration list for PBXNativeTarget "NewProperty" */ = {
			isa = XCConfigurationList;
			buildConfigurations = (
				B11672B01DC241E100C5E9BF /* Debug */,
				B11672B11DC241E100C5E9BF /* Release */,
			);
			defaultConfigurationIsVisible = 0;
		};
/* End XCConfigurationList section */
	};
	rootObject = B11672901DC241E100C5E9BF /* Project object */;
}
