// !$*UTF8*$!
{
	archiveVersion = 1;
	classes = {
	};
	objectVersion = 46;
	objects = {

/* Begin PBXBuildFile section */
		BC564FE31BF06FEB0086D83D /* main.m in Sources */ = {isa = PBXBuildFile; fileRef = BC564FE21BF06FEB0086D83D /* main.m */; };
		BC564FE61BF06FEB0086D83D /* AppDelegate.m in Sources */ = {isa = PBXBuildFile; fileRef = BC564FE51BF06FEB0086D83D /* AppDelegate.m */; };
		BC564FE91BF06FEB0086D83D /* _3_Masonry____.xcdatamodeld in Sources */ = {isa = PBXBuildFile; fileRef = BC564FE71BF06FEB0086D83D /* _3_Masonry____.xcdatamodeld */; };
		BC564FEC1BF06FEB0086D83D /* ViewController.m in Sources */ = {isa = PBXBuildFile; fileRef = BC564FEB1BF06FEB0086D83D /* ViewController.m */; };
		BC564FEF1BF06FEB0086D83D /* Main.storyboard in Resources */ = {isa = PBXBuildFile; fileRef = BC564FED1BF06FEB0086D83D /* Main.storyboard */; };
		BC564FF11BF06FEB0086D83D /* Images.xcassets in Resources */ = {isa = PBXBuildFile; fileRef = BC564FF01BF06FEB0086D83D /* Images.xcassets */; };
		BC564FF41BF06FEB0086D83D /* LaunchScreen.xib in Resources */ = {isa = PBXBuildFile; fileRef = BC564FF21BF06FEB0086D83D /* LaunchScreen.xib */; };
		BC5650001BF06FEB0086D83D /* _3_Masonry____Tests.m in Sources */ = {isa = PBXBuildFile; fileRef = BC564FFF1BF06FEB0086D83D /* _3_Masonry____Tests.m */; };
		BC56501F1BF06FF70086D83D /* MASCompositeConstraint.m in Sources */ = {isa = PBXBuildFile; fileRef = BC56500B1BF06FF70086D83D /* MASCompositeConstraint.m */; };
		BC5650201BF06FF70086D83D /* MASConstraintMaker.m in Sources */ = {isa = PBXBuildFile; fileRef = BC56500E1BF06FF70086D83D /* MASConstraintMaker.m */; };
		BC5650211BF06FF70086D83D /* MASLayoutConstraint.m in Sources */ = {isa = PBXBuildFile; fileRef = BC5650101BF06FF70086D83D /* MASLayoutConstraint.m */; };
		BC5650221BF06FF70086D83D /* MASViewAttribute.m in Sources */ = {isa = PBXBuildFile; fileRef = BC5650141BF06FF70086D83D /* MASViewAttribute.m */; };
		BC5650231BF06FF70086D83D /* MASViewConstraint.m in Sources */ = {isa = PBXBuildFile; fileRef = BC5650161BF06FF70086D83D /* MASViewConstraint.m */; };
		BC5650241BF06FF70086D83D /* NSArray+MASAdditions.m in Sources */ = {isa = PBXBuildFile; fileRef = BC5650181BF06FF70086D83D /* NSArray+MASAdditions.m */; };
		BC5650251BF06FF70086D83D /* NSLayoutConstraint+MASDebugAdditions.m in Sources */ = {isa = PBXBuildFile; fileRef = BC56501B1BF06FF70086D83D /* NSLayoutConstraint+MASDebugAdditions.m */; };
		BC5650261BF06FF70086D83D /* View+MASAdditions.m in Sources */ = {isa = PBXBuildFile; fileRef = BC56501D1BF06FF70086D83D /* View+MASAdditions.m */; };
/* End PBXBuildFile section */

/* Begin PBXContainerItemProxy section */
		BC564FFA1BF06FEB0086D83D /* PBXContainerItemProxy */ = {
			isa = PBXContainerItemProxy;
			containerPortal = BC564FD51BF06FEB0086D83D /* Project object */;
			proxyType = 1;
			remoteGlobalIDString = BC564FDC1BF06FEB0086D83D;
			remoteInfo = "03_Masonry代码布局";
		};
/* End PBXContainerItemProxy section */

/* Begin PBXFileReference section */
		BC564FDD1BF06FEB0086D83D /* 03_Masonry代码布局.app */ = {isa = PBXFileReference; explicitFileType = wrapper.application; includeInIndex = 0; path = "03_Masonry代码布局.app"; sourceTree = BUILT_PRODUCTS_DIR; };
		BC564FE11BF06FEB0086D83D /* Info.plist */ = {isa = PBXFileReference; lastKnownFileType = text.plist.xml; path = Info.plist; sourceTree = "<group>"; };
		BC564FE21BF06FEB0086D83D /* main.m */ = {isa = PBXFileReference; lastKnownFileType = sourcecode.c.objc; path = main.m; sourceTree = "<group>"; };
		BC564FE41BF06FEB0086D83D /* AppDelegate.h */ = {isa = PBXFileReference; lastKnownFileType = sourcecode.c.h; path = AppDelegate.h; sourceTree = "<group>"; };
		BC564FE51BF06FEB0086D83D /* AppDelegate.m */ = {isa = PBXFileReference; lastKnownFileType = sourcecode.c.objc; path = AppDelegate.m; sourceTree = "<group>"; };
		BC564FE81BF06FEB0086D83D /* _3_Masonry____.xcdatamodel */ = {isa = PBXFileReference; lastKnownFileType = wrapper.xcdatamodel; path = "_3_Masonry____.xcdatamodel"; sourceTree = "<group>"; };
		BC564FEA1BF06FEB0086D83D /* ViewController.h */ = {isa = PBXFileReference; lastKnownFileType = sourcecode.c.h; path = ViewController.h; sourceTree = "<group>"; };
		BC564FEB1BF06FEB0086D83D /* ViewController.m */ = {isa = PBXFileReference; lastKnownFileType = sourcecode.c.objc; path = ViewController.m; sourceTree = "<group>"; };
		BC564FEE1BF06FEB0086D83D /* Base */ = {isa = PBXFileReference; lastKnownFileType = file.storyboard; name = Base; path = Base.lproj/Main.storyboard; sourceTree = "<group>"; };
		BC564FF01BF06FEB0086D83D /* Images.xcassets */ = {isa = PBXFileReference; lastKnownFileType = folder.assetcatalog; path = Images.xcassets; sourceTree = "<group>"; };
		BC564FF31BF06FEB0086D83D /* Base */ = {isa = PBXFileReference; lastKnownFileType = file.xib; name = Base; path = Base.lproj/LaunchScreen.xib; sourceTree = "<group>"; };
		BC564FF91BF06FEB0086D83D /* 03_Masonry代码布局Tests.xctest */ = {isa = PBXFileReference; explicitFileType = wrapper.cfbundle; includeInIndex = 0; path = "03_Masonry代码布局Tests.xctest"; sourceTree = BUILT_PRODUCTS_DIR; };
		BC564FFE1BF06FEB0086D83D /* Info.plist */ = {isa = PBXFileReference; lastKnownFileType = text.plist.xml; path = Info.plist; sourceTree = "<group>"; };
		BC564FFF1BF06FEB0086D83D /* _3_Masonry____Tests.m */ = {isa = PBXFileReference; lastKnownFileType = sourcecode.c.objc; path = "_3_Masonry____Tests.m"; sourceTree = "<group>"; };
		BC56500A1BF06FF70086D83D /* MASCompositeConstraint.h */ = {isa = PBXFileReference; fileEncoding = 4; lastKnownFileType = sourcecode.c.h; path = MASCompositeConstraint.h; sourceTree = "<group>"; };
		BC56500B1BF06FF70086D83D /* MASCompositeConstraint.m */ = {isa = PBXFileReference; fileEncoding = 4; lastKnownFileType = sourcecode.c.objc; path = MASCompositeConstraint.m; sourceTree = "<group>"; };
		BC56500C1BF06FF70086D83D /* MASConstraint.h */ = {isa = PBXFileReference; fileEncoding = 4; lastKnownFileType = sourcecode.c.h; path = MASConstraint.h; sourceTree = "<group>"; };
		BC56500D1BF06FF70086D83D /* MASConstraintMaker.h */ = {isa = PBXFileReference; fileEncoding = 4; lastKnownFileType = sourcecode.c.h; path = MASConstraintMaker.h; sourceTree = "<group>"; };
		BC56500E1BF06FF70086D83D /* MASConstraintMaker.m */ = {isa = PBXFileReference; fileEncoding = 4; lastKnownFileType = sourcecode.c.objc; path = MASConstraintMaker.m; sourceTree = "<group>"; };
		BC56500F1BF06FF70086D83D /* MASLayoutConstraint.h */ = {isa = PBXFileReference; fileEncoding = 4; lastKnownFileType = sourcecode.c.h; path = MASLayoutConstraint.h; sourceTree = "<group>"; };
		BC5650101BF06FF70086D83D /* MASLayoutConstraint.m */ = {isa = PBXFileReference; fileEncoding = 4; lastKnownFileType = sourcecode.c.objc; path = MASLayoutConstraint.m; sourceTree = "<group>"; };
		BC5650111BF06FF70086D83D /* Masonry.h */ = {isa = PBXFileReference; fileEncoding = 4; lastKnownFileType = sourcecode.c.h; path = Masonry.h; sourceTree = "<group>"; };
		BC5650121BF06FF70086D83D /* MASUtilities.h */ = {isa = PBXFileReference; fileEncoding = 4; lastKnownFileType = sourcecode.c.h; path = MASUtilities.h; sourceTree = "<group>"; };
		BC5650131BF06FF70086D83D /* MASViewAttribute.h */ = {isa = PBXFileReference; fileEncoding = 4; lastKnownFileType = sourcecode.c.h; path = MASViewAttribute.h; sourceTree = "<group>"; };
		BC5650141BF06FF70086D83D /* MASViewAttribute.m */ = {isa = PBXFileReference; fileEncoding = 4; lastKnownFileType = sourcecode.c.objc; path = MASViewAttribute.m; sourceTree = "<group>"; };
		BC5650151BF06FF70086D83D /* MASViewConstraint.h */ = {isa = PBXFileReference; fileEncoding = 4; lastKnownFileType = sourcecode.c.h; path = MASViewConstraint.h; sourceTree = "<group>"; };
		BC5650161BF06FF70086D83D /* MASViewConstraint.m */ = {isa = PBXFileReference; fileEncoding = 4; lastKnownFileType = sourcecode.c.objc; path = MASViewConstraint.m; sourceTree = "<group>"; };
		BC5650171BF06FF70086D83D /* NSArray+MASAdditions.h */ = {isa = PBXFileReference; fileEncoding = 4; lastKnownFileType = sourcecode.c.h; path = "NSArray+MASAdditions.h"; sourceTree = "<group>"; };
		BC5650181BF06FF70086D83D /* NSArray+MASAdditions.m */ = {isa = PBXFileReference; fileEncoding = 4; lastKnownFileType = sourcecode.c.objc; path = "NSArray+MASAdditions.m"; sourceTree = "<group>"; };
		BC5650191BF06FF70086D83D /* NSArray+MASShorthandAdditions.h */ = {isa = PBXFileReference; fileEncoding = 4; lastKnownFileType = sourcecode.c.h; path = "NSArray+MASShorthandAdditions.h"; sourceTree = "<group>"; };
		BC56501A1BF06FF70086D83D /* NSLayoutConstraint+MASDebugAdditions.h */ = {isa = PBXFileReference; fileEncoding = 4; lastKnownFileType = sourcecode.c.h; path = "NSLayoutConstraint+MASDebugAdditions.h"; sourceTree = "<group>"; };
		BC56501B1BF06FF70086D83D /* NSLayoutConstraint+MASDebugAdditions.m */ = {isa = PBXFileReference; fileEncoding = 4; lastKnownFileType = sourcecode.c.objc; path = "NSLayoutConstraint+MASDebugAdditions.m"; sourceTree = "<group>"; };
		BC56501C1BF06FF70086D83D /* View+MASAdditions.h */ = {isa = PBXFileReference; fileEncoding = 4; lastKnownFileType = sourcecode.c.h; path = "View+MASAdditions.h"; sourceTree = "<group>"; };
		BC56501D1BF06FF70086D83D /* View+MASAdditions.m */ = {isa = PBXFileReference; fileEncoding = 4; lastKnownFileType = sourcecode.c.objc; path = "View+MASAdditions.m"; sourceTree = "<group>"; };
		BC56501E1BF06FF70086D83D /* View+MASShorthandAdditions.h */ = {isa = PBXFileReference; fileEncoding = 4; lastKnownFileType = sourcecode.c.h; path = "View+MASShorthandAdditions.h"; sourceTree = "<group>"; };
/* End PBXFileReference section */

/* Begin PBXFrameworksBuildPhase section */
		BC564FDA1BF06FEB0086D83D /* Frameworks */ = {
			isa = PBXFrameworksBuildPhase;
			buildActionMask = 2147483647;
			files = (
			);
			runOnlyForDeploymentPostprocessing = 0;
		};
		BC564FF61BF06FEB0086D83D /* Frameworks */ = {
			isa = PBXFrameworksBuildPhase;
			buildActionMask = 2147483647;
			files = (
			);
			runOnlyForDeploymentPostprocessing = 0;
		};
/* End PBXFrameworksBuildPhase section */

/* Begin PBXGroup section */
		BC564FD41BF06FEB0086D83D = {
			isa = PBXGroup;
			children = (
				BC564FDF1BF06FEB0086D83D /* 03_Masonry代码布局 */,
				BC564FFC1BF06FEB0086D83D /* 03_Masonry代码布局Tests */,
				BC564FDE1BF06FEB0086D83D /* Products */,
			);
			sourceTree = "<group>";
		};
		BC564FDE1BF06FEB0086D83D /* Products */ = {
			isa = PBXGroup;
			children = (
				BC564FDD1BF06FEB0086D83D /* 03_Masonry代码布局.app */,
				BC564FF91BF06FEB0086D83D /* 03_Masonry代码布局Tests.xctest */,
			);
			name = Products;
			sourceTree = "<group>";
		};
		BC564FDF1BF06FEB0086D83D /* 03_Masonry代码布局 */ = {
			isa = PBXGroup;
			children = (
				BC5650091BF06FF70086D83D /* Masonry */,
				BC564FE41BF06FEB0086D83D /* AppDelegate.h */,
				BC564FE51BF06FEB0086D83D /* AppDelegate.m */,
				BC564FEA1BF06FEB0086D83D /* ViewController.h */,
				BC564FEB1BF06FEB0086D83D /* ViewController.m */,
				BC564FED1BF06FEB0086D83D /* Main.storyboard */,
				BC564FF01BF06FEB0086D83D /* Images.xcassets */,
				BC564FF21BF06FEB0086D83D /* LaunchScreen.xib */,
				BC564FE71BF06FEB0086D83D /* _3_Masonry____.xcdatamodeld */,
				BC564FE01BF06FEB0086D83D /* Supporting Files */,
			);
			path = "03_Masonry代码布局";
			sourceTree = "<group>";
		};
		BC564FE01BF06FEB0086D83D /* Supporting Files */ = {
			isa = PBXGroup;
			children = (
				BC564FE11BF06FEB0086D83D /* Info.plist */,
				BC564FE21BF06FEB0086D83D /* main.m */,
			);
			name = "Supporting Files";
			sourceTree = "<group>";
		};
		BC564FFC1BF06FEB0086D83D /* 03_Masonry代码布局Tests */ = {
			isa = PBXGroup;
			children = (
				BC564FFF1BF06FEB0086D83D /* _3_Masonry____Tests.m */,
				BC564FFD1BF06FEB0086D83D /* Supporting Files */,
			);
			path = "03_Masonry代码布局Tests";
			sourceTree = "<group>";
		};
		BC564FFD1BF06FEB0086D83D /* Supporting Files */ = {
			isa = PBXGroup;
			children = (
				BC564FFE1BF06FEB0086D83D /* Info.plist */,
			);
			name = "Supporting Files";
			sourceTree = "<group>";
		};
		BC5650091BF06FF70086D83D /* Masonry */ = {
			isa = PBXGroup;
			children = (
				BC56500A1BF06FF70086D83D /* MASCompositeConstraint.h */,
				BC56500B1BF06FF70086D83D /* MASCompositeConstraint.m */,
				BC56500C1BF06FF70086D83D /* MASConstraint.h */,
				BC56500D1BF06FF70086D83D /* MASConstraintMaker.h */,
				BC56500E1BF06FF70086D83D /* MASConstraintMaker.m */,
				BC56500F1BF06FF70086D83D /* MASLayoutConstraint.h */,
				BC5650101BF06FF70086D83D /* MASLayoutConstraint.m */,
				BC5650111BF06FF70086D83D /* Masonry.h */,
				BC5650121BF06FF70086D83D /* MASUtilities.h */,
				BC5650131BF06FF70086D83D /* MASViewAttribute.h */,
				BC5650141BF06FF70086D83D /* MASViewAttribute.m */,
				BC5650151BF06FF70086D83D /* MASViewConstraint.h */,
				BC5650161BF06FF70086D83D /* MASViewConstraint.m */,
				BC5650171BF06FF70086D83D /* NSArray+MASAdditions.h */,
				BC5650181BF06FF70086D83D /* NSArray+MASAdditions.m */,
				BC5650191BF06FF70086D83D /* NSArray+MASShorthandAdditions.h */,
				BC56501A1BF06FF70086D83D /* NSLayoutConstraint+MASDebugAdditions.h */,
				BC56501B1BF06FF70086D83D /* NSLayoutConstraint+MASDebugAdditions.m */,
				BC56501C1BF06FF70086D83D /* View+MASAdditions.h */,
				BC56501D1BF06FF70086D83D /* View+MASAdditions.m */,
				BC56501E1BF06FF70086D83D /* View+MASShorthandAdditions.h */,
			);
			path = Masonry;
			sourceTree = "<group>";
		};
/* End PBXGroup section */

/* Begin PBXNativeTarget section */
		BC564FDC1BF06FEB0086D83D /* 03_Masonry代码布局 */ = {
			isa = PBXNativeTarget;
			buildConfigurationList = BC5650031BF06FEB0086D83D /* Build configuration list for PBXNativeTarget "03_Masonry代码布局" */;
			buildPhases = (
				BC564FD91BF06FEB0086D83D /* Sources */,
				BC564FDA1BF06FEB0086D83D /* Frameworks */,
				BC564FDB1BF06FEB0086D83D /* Resources */,
			);
			buildRules = (
			);
			dependencies = (
			);
			name = "03_Masonry代码布局";
			productName = "03_Masonry代码布局";
			productReference = BC564FDD1BF06FEB0086D83D /* 03_Masonry代码布局.app */;
			productType = "com.apple.product-type.application";
		};
		BC564FF81BF06FEB0086D83D /* 03_Masonry代码布局Tests */ = {
			isa = PBXNativeTarget;
			buildConfigurationList = BC5650061BF06FEB0086D83D /* Build configuration list for PBXNativeTarget "03_Masonry代码布局Tests" */;
			buildPhases = (
				BC564FF51BF06FEB0086D83D /* Sources */,
				BC564FF61BF06FEB0086D83D /* Frameworks */,
				BC564FF71BF06FEB0086D83D /* Resources */,
			);
			buildRules = (
			);
			dependencies = (
				BC564FFB1BF06FEB0086D83D /* PBXTargetDependency */,
			);
			name = "03_Masonry代码布局Tests";
			productName = "03_Masonry代码布局Tests";
			productReference = BC564FF91BF06FEB0086D83D /* 03_Masonry代码布局Tests.xctest */;
			productType = "com.apple.product-type.bundle.unit-test";
		};
/* End PBXNativeTarget section */

/* Begin PBXProject section */
		BC564FD51BF06FEB0086D83D /* Project object */ = {
			isa = PBXProject;
			attributes = {
				LastUpgradeCheck = 0640;
				ORGANIZATIONNAME = qianfeng;
				TargetAttributes = {
					BC564FDC1BF06FEB0086D83D = {
						CreatedOnToolsVersion = 6.4;
					};
					BC564FF81BF06FEB0086D83D = {
						CreatedOnToolsVersion = 6.4;
						TestTargetID = BC564FDC1BF06FEB0086D83D;
					};
				};
			};
			buildConfigurationList = BC564FD81BF06FEB0086D83D /* Build configuration list for PBXProject "03_Masonry代码布局" */;
			compatibilityVersion = "Xcode 3.2";
			developmentRegion = English;
			hasScannedForEncodings = 0;
			knownRegions = (
				en,
				Base,
			);
			mainGroup = BC564FD41BF06FEB0086D83D;
			productRefGroup = BC564FDE1BF06FEB0086D83D /* Products */;
			projectDirPath = "";
			projectRoot = "";
			targets = (
				BC564FDC1BF06FEB0086D83D /* 03_Masonry代码布局 */,
				BC564FF81BF06FEB0086D83D /* 03_Masonry代码布局Tests */,
			);
		};
/* End PBXProject section */

/* Begin PBXResourcesBuildPhase section */
		BC564FDB1BF06FEB0086D83D /* Resources */ = {
			isa = PBXResourcesBuildPhase;
			buildActionMask = 2147483647;
			files = (
				BC564FEF1BF06FEB0086D83D /* Main.storyboard in Resources */,
				BC564FF41BF06FEB0086D83D /* LaunchScreen.xib in Resources */,
				BC564FF11BF06FEB0086D83D /* Images.xcassets in Resources */,
			);
			runOnlyForDeploymentPostprocessing = 0;
		};
		BC564FF71BF06FEB0086D83D /* Resources */ = {
			isa = PBXResourcesBuildPhase;
			buildActionMask = 2147483647;
			files = (
			);
			runOnlyForDeploymentPostprocessing = 0;
		};
/* End PBXResourcesBuildPhase section */

/* Begin PBXSourcesBuildPhase section */
		BC564FD91BF06FEB0086D83D /* Sources */ = {
			isa = PBXSourcesBuildPhase;
			buildActionMask = 2147483647;
			files = (
				BC5650251BF06FF70086D83D /* NSLayoutConstraint+MASDebugAdditions.m in Sources */,
				BC5650231BF06FF70086D83D /* MASViewConstraint.m in Sources */,
				BC564FE91BF06FEB0086D83D /* _3_Masonry____.xcdatamodeld in Sources */,
				BC5650241BF06FF70086D83D /* NSArray+MASAdditions.m in Sources */,
				BC564FE61BF06FEB0086D83D /* AppDelegate.m in Sources */,
				BC564FEC1BF06FEB0086D83D /* ViewController.m in Sources */,
				BC5650211BF06FF70086D83D /* MASLayoutConstraint.m in Sources */,
				BC564FE31BF06FEB0086D83D /* main.m in Sources */,
				BC5650261BF06FF70086D83D /* View+MASAdditions.m in Sources */,
				BC5650221BF06FF70086D83D /* MASViewAttribute.m in Sources */,
				BC56501F1BF06FF70086D83D /* MASCompositeConstraint.m in Sources */,
				BC5650201BF06FF70086D83D /* MASConstraintMaker.m in Sources */,
			);
			runOnlyForDeploymentPostprocessing = 0;
		};
		BC564FF51BF06FEB0086D83D /* Sources */ = {
			isa = PBXSourcesBuildPhase;
			buildActionMask = 2147483647;
			files = (
				BC5650001BF06FEB0086D83D /* _3_Masonry____Tests.m in Sources */,
			);
			runOnlyForDeploymentPostprocessing = 0;
		};
/* End PBXSourcesBuildPhase section */

/* Begin PBXTargetDependency section */
		BC564FFB1BF06FEB0086D83D /* PBXTargetDependency */ = {
			isa = PBXTargetDependency;
			target = BC564FDC1BF06FEB0086D83D /* 03_Masonry代码布局 */;
			targetProxy = BC564FFA1BF06FEB0086D83D /* PBXContainerItemProxy */;
		};
/* End PBXTargetDependency section */

/* Begin PBXVariantGroup section */
		BC564FED1BF06FEB0086D83D /* Main.storyboard */ = {
			isa = PBXVariantGroup;
			children = (
				BC564FEE1BF06FEB0086D83D /* Base */,
			);
			name = Main.storyboard;
			sourceTree = "<group>";
		};
		BC564FF21BF06FEB0086D83D /* LaunchScreen.xib */ = {
			isa = PBXVariantGroup;
			children = (
				BC564FF31BF06FEB0086D83D /* Base */,
			);
			name = LaunchScreen.xib;
			sourceTree = "<group>";
		};
/* End PBXVariantGroup section */

/* Begin XCBuildConfiguration section */
		BC5650011BF06FEB0086D83D /* Debug */ = {
			isa = XCBuildConfiguration;
			buildSettings = {
				ALWAYS_SEARCH_USER_PATHS = NO;
				CLANG_CXX_LANGUAGE_STANDARD = "gnu++0x";
				CLANG_CXX_LIBRARY = "libc++";
				CLANG_ENABLE_MODULES = YES;
				CLANG_ENABLE_OBJC_ARC = YES;
				CLANG_WARN_BOOL_CONVERSION = YES;
				CLANG_WARN_CONSTANT_CONVERSION = YES;
				CLANG_WARN_DIRECT_OBJC_ISA_USAGE = YES_ERROR;
				CLANG_WARN_EMPTY_BODY = YES;
				CLANG_WARN_ENUM_CONVERSION = YES;
				CLANG_WARN_INT_CONVERSION = YES;
				CLANG_WARN_OBJC_ROOT_CLASS = YES_ERROR;
				CLANG_WARN_UNREACHABLE_CODE = YES;
				CLANG_WARN__DUPLICATE_METHOD_MATCH = YES;
				"CODE_SIGN_IDENTITY[sdk=iphoneos*]" = "iPhone Developer";
				COPY_PHASE_STRIP = NO;
				DEBUG_INFORMATION_FORMAT = "dwarf-with-dsym";
				ENABLE_STRICT_OBJC_MSGSEND = YES;
				GCC_C_LANGUAGE_STANDARD = gnu99;
				GCC_DYNAMIC_NO_PIC = NO;
				GCC_NO_COMMON_BLOCKS = YES;
				GCC_OPTIMIZATION_LEVEL = 0;
				GCC_PREPROCESSOR_DEFINITIONS = (
					"DEBUG=1",
					"$(inherited)",
				);
				GCC_SYMBOLS_PRIVATE_EXTERN = NO;
				GCC_WARN_64_TO_32_BIT_CONVERSION = YES;
				GCC_WARN_ABOUT_RETURN_TYPE = YES_ERROR;
				GCC_WARN_UNDECLARED_SELECTOR = YES;
				GCC_WARN_UNINITIALIZED_AUTOS = YES_AGGRESSIVE;
				GCC_WARN_UNUSED_FUNCTION = YES;
				GCC_WARN_UNUSED_VARIABLE = YES;
				IPHONEOS_DEPLOYMENT_TARGET = 8.4;
				MTL_ENABLE_DEBUG_INFO = YES;
				ONLY_ACTIVE_ARCH = YES;
				SDKROOT = iphoneos;
				TARGETED_DEVICE_FAMILY = "1,2";
			};
			name = Debug;
		};
		BC5650021BF06FEB0086D83D /* Release */ = {
			isa = XCBuildConfiguration;
			buildSettings = {
				ALWAYS_SEARCH_USER_PATHS = NO;
				CLANG_CXX_LANGUAGE_STANDARD = "gnu++0x";
				CLANG_CXX_LIBRARY = "libc++";
				CLANG_ENABLE_MODULES = YES;
				CLANG_ENABLE_OBJC_ARC = YES;
				CLANG_WARN_BOOL_CONVERSION = YES;
				CLANG_WARN_CONSTANT_CONVERSION = YES;
				CLANG_WARN_DIRECT_OBJC_ISA_USAGE = YES_ERROR;
				CLANG_WARN_EMPTY_BODY = YES;
				CLANG_WARN_ENUM_CONVERSION = YES;
				CLANG_WARN_INT_CONVERSION = YES;
				CLANG_WARN_OBJC_ROOT_CLASS = YES_ERROR;
				CLANG_WARN_UNREACHABLE_CODE = YES;
				CLANG_WARN__DUPLICATE_METHOD_MATCH = YES;
				"CODE_SIGN_IDENTITY[sdk=iphoneos*]" = "iPhone Developer";
				COPY_PHASE_STRIP = NO;
				DEBUG_INFORMATION_FORMAT = "dwarf-with-dsym";
				ENABLE_NS_ASSERTIONS = NO;
				ENABLE_STRICT_OBJC_MSGSEND = YES;
				GCC_C_LANGUAGE_STANDARD = gnu99;
				GCC_NO_COMMON_BLOCKS = YES;
				GCC_WARN_64_TO_32_BIT_CONVERSION = YES;
				GCC_WARN_ABOUT_RETURN_TYPE = YES_ERROR;
				GCC_WARN_UNDECLARED_SELECTOR = YES;
				GCC_WARN_UNINITIALIZED_AUTOS = YES_AGGRESSIVE;
				GCC_WARN_UNUSED_FUNCTION = YES;
				GCC_WARN_UNUSED_VARIABLE = YES;
				IPHONEOS_DEPLOYMENT_TARGET = 8.4;
				MTL_ENABLE_DEBUG_INFO = NO;
				SDKROOT = iphoneos;
				TARGETED_DEVICE_FAMILY = "1,2";
				VALIDATE_PRODUCT = YES;
			};
			name = Release;
		};
		BC5650041BF06FEB0086D83D /* Debug */ = {
			isa = XCBuildConfiguration;
			buildSettings = {
				ASSETCATALOG_COMPILER_APPICON_NAME = AppIcon;
				INFOPLIST_FILE = "03_Masonry代码布局/Info.plist";
				LD_RUNPATH_SEARCH_PATHS = "$(inherited) @executable_path/Frameworks";
				PRODUCT_NAME = "$(TARGET_NAME)";
			};
			name = Debug;
		};
		BC5650051BF06FEB0086D83D /* Release */ = {
			isa = XCBuildConfiguration;
			buildSettings = {
				ASSETCATALOG_COMPILER_APPICON_NAME = AppIcon;
				INFOPLIST_FILE = "03_Masonry代码布局/Info.plist";
				LD_RUNPATH_SEARCH_PATHS = "$(inherited) @executable_path/Frameworks";
				PRODUCT_NAME = "$(TARGET_NAME)";
			};
			name = Release;
		};
		BC5650071BF06FEB0086D83D /* Debug */ = {
			isa = XCBuildConfiguration;
			buildSettings = {
				BUNDLE_LOADER = "$(TEST_HOST)";
				FRAMEWORK_SEARCH_PATHS = (
					"$(SDKROOT)/Developer/Library/Frameworks",
					"$(inherited)",
				);
				GCC_PREPROCESSOR_DEFINITIONS = (
					"DEBUG=1",
					"$(inherited)",
				);
				INFOPLIST_FILE = "03_Masonry代码布局Tests/Info.plist";
				LD_RUNPATH_SEARCH_PATHS = "$(inherited) @executable_path/Frameworks @loader_path/Frameworks";
				PRODUCT_NAME = "$(TARGET_NAME)";
				TEST_HOST = "$(BUILT_PRODUCTS_DIR)/03_Masonry代码布局.app/03_Masonry代码布局";
			};
			name = Debug;
		};
		BC5650081BF06FEB0086D83D /* Release */ = {
			isa = XCBuildConfiguration;
			buildSettings = {
				BUNDLE_LOADER = "$(TEST_HOST)";
				FRAMEWORK_SEARCH_PATHS = (
					"$(SDKROOT)/Developer/Library/Frameworks",
					"$(inherited)",
				);
				INFOPLIST_FILE = "03_Masonry代码布局Tests/Info.plist";
				LD_RUNPATH_SEARCH_PATHS = "$(inherited) @executable_path/Frameworks @loader_path/Frameworks";
				PRODUCT_NAME = "$(TARGET_NAME)";
				TEST_HOST = "$(BUILT_PRODUCTS_DIR)/03_Masonry代码布局.app/03_Masonry代码布局";
			};
			name = Release;
		};
/* End XCBuildConfiguration section */

/* Begin XCConfigurationList section */
		BC564FD81BF06FEB0086D83D /* Build configuration list for PBXProject "03_Masonry代码布局" */ = {
			isa = XCConfigurationList;
			buildConfigurations = (
				BC5650011BF06FEB0086D83D /* Debug */,
				BC5650021BF06FEB0086D83D /* Release */,
			);
			defaultConfigurationIsVisible = 0;
			defaultConfigurationName = Release;
		};
		BC5650031BF06FEB0086D83D /* Build configuration list for PBXNativeTarget "03_Masonry代码布局" */ = {
			isa = XCConfigurationList;
			buildConfigurations = (
				BC5650041BF06FEB0086D83D /* Debug */,
				BC5650051BF06FEB0086D83D /* Release */,
			);
			defaultConfigurationIsVisible = 0;
		};
		BC5650061BF06FEB0086D83D /* Build configuration list for PBXNativeTarget "03_Masonry代码布局Tests" */ = {
			isa = XCConfigurationList;
			buildConfigurations = (
				BC5650071BF06FEB0086D83D /* Debug */,
				BC5650081BF06FEB0086D83D /* Release */,
			);
			defaultConfigurationIsVisible = 0;
		};
/* End XCConfigurationList section */

/* Begin XCVersionGroup section */
		BC564FE71BF06FEB0086D83D /* _3_Masonry____.xcdatamodeld */ = {
			isa = XCVersionGroup;
			children = (
				BC564FE81BF06FEB0086D83D /* _3_Masonry____.xcdatamodel */,
			);
			currentVersion = BC564FE81BF06FEB0086D83D /* _3_Masonry____.xcdatamodel */;
			path = "_3_Masonry____.xcdatamodeld";
			sourceTree = "<group>";
			versionGroupType = wrapper.xcdatamodel;
		};
/* End XCVersionGroup section */
	};
	rootObject = BC564FD51BF06FEB0086D83D /* Project object */;
}
