// !$*UTF8*$!
{
	archiveVersion = 1;
	classes = {
	};
	objectVersion = 46;
	objects = {

/* Begin PBXBuildFile section */
		B102A0701DB63C47002C307C /* main.m in Sources */ = {isa = PBXBuildFile; fileRef = B102A06F1DB63C47002C307C /* main.m */; };
		B102A0731DB63C47002C307C /* AppDelegate.m in Sources */ = {isa = PBXBuildFile; fileRef = B102A0721DB63C47002C307C /* AppDelegate.m */; };
		B102A0761DB63C47002C307C /* ViewController.m in Sources */ = {isa = PBXBuildFile; fileRef = B102A0751DB63C47002C307C /* ViewController.m */; };
		B102A0791DB63C47002C307C /* Main.storyboard in Resources */ = {isa = PBXBuildFile; fileRef = B102A0771DB63C47002C307C /* Main.storyboard */; };
		B102A07B1DB63C47002C307C /* Assets.xcassets in Resources */ = {isa = PBXBuildFile; fileRef = B102A07A1DB63C47002C307C /* Assets.xcassets */; };
		B102A07E1DB63C47002C307C /* LaunchScreen.storyboard in Resources */ = {isa = PBXBuildFile; fileRef = B102A07C1DB63C47002C307C /* LaunchScreen.storyboard */; };
		B102A0871DB64135002C307C /* AlipaySDK.bundle in Resources */ = {isa = PBXBuildFile; fileRef = B102A0851DB64135002C307C /* AlipaySDK.bundle */; };
		B102A0881DB64135002C307C /* AlipaySDK.framework in Frameworks */ = {isa = PBXBuildFile; fileRef = B102A0861DB64135002C307C /* AlipaySDK.framework */; };
		B102A08B1DB64143002C307C /* libcrypto.a in Frameworks */ = {isa = PBXBuildFile; fileRef = B102A0891DB64143002C307C /* libcrypto.a */; };
		B102A08C1DB64143002C307C /* libssl.a in Frameworks */ = {isa = PBXBuildFile; fileRef = B102A08A1DB64143002C307C /* libssl.a */; };
		B102A0ED1DB6414F002C307C /* Order.m in Sources */ = {isa = PBXBuildFile; fileRef = B102A0DA1DB6414F002C307C /* Order.m */; };
		B102A0EE1DB6414F002C307C /* base64.m in Sources */ = {isa = PBXBuildFile; fileRef = B102A0DD1DB6414F002C307C /* base64.m */; };
		B102A0EF1DB6414F002C307C /* DataSigner.m in Sources */ = {isa = PBXBuildFile; fileRef = B102A0E01DB6414F002C307C /* DataSigner.m */; };
		B102A0F01DB6414F002C307C /* DataVerifier.m in Sources */ = {isa = PBXBuildFile; fileRef = B102A0E21DB6414F002C307C /* DataVerifier.m */; };
		B102A0F11DB6414F002C307C /* MD5DataSigner.m in Sources */ = {isa = PBXBuildFile; fileRef = B102A0E41DB6414F002C307C /* MD5DataSigner.m */; };
		B102A0F21DB6414F002C307C /* NSDataEx.m in Sources */ = {isa = PBXBuildFile; fileRef = B102A0E61DB6414F002C307C /* NSDataEx.m */; };
		B102A0F31DB6414F002C307C /* openssl_wrapper.m in Sources */ = {isa = PBXBuildFile; fileRef = B102A0E81DB6414F002C307C /* openssl_wrapper.m */; };
		B102A0F41DB6414F002C307C /* RSADataSigner.m in Sources */ = {isa = PBXBuildFile; fileRef = B102A0EA1DB6414F002C307C /* RSADataSigner.m */; };
		B102A0F51DB6414F002C307C /* RSADataVerifier.m in Sources */ = {isa = PBXBuildFile; fileRef = B102A0EC1DB6414F002C307C /* RSADataVerifier.m */; };
		B102A0F81DB641BF002C307C /* CoreGraphics.framework in Frameworks */ = {isa = PBXBuildFile; fileRef = B102A0F71DB641BF002C307C /* CoreGraphics.framework */; };
		B102A0FA1DB641C6002C307C /* CoreText.framework in Frameworks */ = {isa = PBXBuildFile; fileRef = B102A0F91DB641C6002C307C /* CoreText.framework */; };
		B102A0FC1DB641CD002C307C /* QuartzCore.framework in Frameworks */ = {isa = PBXBuildFile; fileRef = B102A0FB1DB641CD002C307C /* QuartzCore.framework */; };
		B102A0FE1DB641D3002C307C /* libz.tbd in Frameworks */ = {isa = PBXBuildFile; fileRef = B102A0FD1DB641D3002C307C /* libz.tbd */; };
		B102A1001DB641D9002C307C /* CoreTelephony.framework in Frameworks */ = {isa = PBXBuildFile; fileRef = B102A0FF1DB641D9002C307C /* CoreTelephony.framework */; };
		B102A1021DB641DF002C307C /* SystemConfiguration.framework in Frameworks */ = {isa = PBXBuildFile; fileRef = B102A1011DB641DF002C307C /* SystemConfiguration.framework */; };
		B102A1041DB64224002C307C /* libc++.tbd in Frameworks */ = {isa = PBXBuildFile; fileRef = B102A1031DB64224002C307C /* libc++.tbd */; };
		B102A1061DB64242002C307C /* Foundation.framework in Frameworks */ = {isa = PBXBuildFile; fileRef = B102A1051DB64242002C307C /* Foundation.framework */; };
		B102A1081DB64247002C307C /* UIKit.framework in Frameworks */ = {isa = PBXBuildFile; fileRef = B102A1071DB64247002C307C /* UIKit.framework */; };
		B102A10A1DB642E3002C307C /* CFNetwork.framework in Frameworks */ = {isa = PBXBuildFile; fileRef = B102A1091DB642E3002C307C /* CFNetwork.framework */; };
		B102A10D1DB64713002C307C /* CoreMotion.framework in Frameworks */ = {isa = PBXBuildFile; fileRef = B102A10C1DB64713002C307C /* CoreMotion.framework */; };
/* End PBXBuildFile section */

/* Begin PBXFileReference section */
		B102A06B1DB63C47002C307C /* AliPayFirst.app */ = {isa = PBXFileReference; explicitFileType = wrapper.application; includeInIndex = 0; path = AliPayFirst.app; sourceTree = BUILT_PRODUCTS_DIR; };
		B102A06F1DB63C47002C307C /* main.m */ = {isa = PBXFileReference; lastKnownFileType = sourcecode.c.objc; path = main.m; sourceTree = "<group>"; };
		B102A0711DB63C47002C307C /* AppDelegate.h */ = {isa = PBXFileReference; lastKnownFileType = sourcecode.c.h; path = AppDelegate.h; sourceTree = "<group>"; };
		B102A0721DB63C47002C307C /* AppDelegate.m */ = {isa = PBXFileReference; lastKnownFileType = sourcecode.c.objc; path = AppDelegate.m; sourceTree = "<group>"; };
		B102A0741DB63C47002C307C /* ViewController.h */ = {isa = PBXFileReference; lastKnownFileType = sourcecode.c.h; path = ViewController.h; sourceTree = "<group>"; };
		B102A0751DB63C47002C307C /* ViewController.m */ = {isa = PBXFileReference; lastKnownFileType = sourcecode.c.objc; path = ViewController.m; sourceTree = "<group>"; };
		B102A0781DB63C47002C307C /* Base */ = {isa = PBXFileReference; lastKnownFileType = file.storyboard; name = Base; path = Base.lproj/Main.storyboard; sourceTree = "<group>"; };
		B102A07A1DB63C47002C307C /* Assets.xcassets */ = {isa = PBXFileReference; lastKnownFileType = folder.assetcatalog; path = Assets.xcassets; sourceTree = "<group>"; };
		B102A07D1DB63C47002C307C /* Base */ = {isa = PBXFileReference; lastKnownFileType = file.storyboard; name = Base; path = Base.lproj/LaunchScreen.storyboard; sourceTree = "<group>"; };
		B102A07F1DB63C47002C307C /* Info.plist */ = {isa = PBXFileReference; lastKnownFileType = text.plist.xml; path = Info.plist; sourceTree = "<group>"; };
		B102A0851DB64135002C307C /* AlipaySDK.bundle */ = {isa = PBXFileReference; lastKnownFileType = "wrapper.plug-in"; path = AlipaySDK.bundle; sourceTree = "<group>"; };
		B102A0861DB64135002C307C /* AlipaySDK.framework */ = {isa = PBXFileReference; lastKnownFileType = wrapper.framework; path = AlipaySDK.framework; sourceTree = "<group>"; };
		B102A0891DB64143002C307C /* libcrypto.a */ = {isa = PBXFileReference; lastKnownFileType = archive.ar; path = libcrypto.a; sourceTree = "<group>"; };
		B102A08A1DB64143002C307C /* libssl.a */ = {isa = PBXFileReference; lastKnownFileType = archive.ar; path = libssl.a; sourceTree = "<group>"; };
		B102A08E1DB6414F002C307C /* aes.h */ = {isa = PBXFileReference; fileEncoding = 4; lastKnownFileType = sourcecode.c.h; path = aes.h; sourceTree = "<group>"; };
		B102A08F1DB6414F002C307C /* asn1.h */ = {isa = PBXFileReference; fileEncoding = 4; lastKnownFileType = sourcecode.c.h; path = asn1.h; sourceTree = "<group>"; };
		B102A0901DB6414F002C307C /* asn1_mac.h */ = {isa = PBXFileReference; fileEncoding = 4; lastKnownFileType = sourcecode.c.h; path = asn1_mac.h; sourceTree = "<group>"; };
		B102A0911DB6414F002C307C /* asn1t.h */ = {isa = PBXFileReference; fileEncoding = 4; lastKnownFileType = sourcecode.c.h; path = asn1t.h; sourceTree = "<group>"; };
		B102A0921DB6414F002C307C /* bio.h */ = {isa = PBXFileReference; fileEncoding = 4; lastKnownFileType = sourcecode.c.h; path = bio.h; sourceTree = "<group>"; };
		B102A0931DB6414F002C307C /* blowfish.h */ = {isa = PBXFileReference; fileEncoding = 4; lastKnownFileType = sourcecode.c.h; path = blowfish.h; sourceTree = "<group>"; };
		B102A0941DB6414F002C307C /* bn.h */ = {isa = PBXFileReference; fileEncoding = 4; lastKnownFileType = sourcecode.c.h; path = bn.h; sourceTree = "<group>"; };
		B102A0951DB6414F002C307C /* buffer.h */ = {isa = PBXFileReference; fileEncoding = 4; lastKnownFileType = sourcecode.c.h; path = buffer.h; sourceTree = "<group>"; };
		B102A0961DB6414F002C307C /* camellia.h */ = {isa = PBXFileReference; fileEncoding = 4; lastKnownFileType = sourcecode.c.h; path = camellia.h; sourceTree = "<group>"; };
		B102A0971DB6414F002C307C /* cast.h */ = {isa = PBXFileReference; fileEncoding = 4; lastKnownFileType = sourcecode.c.h; path = cast.h; sourceTree = "<group>"; };
		B102A0981DB6414F002C307C /* cmac.h */ = {isa = PBXFileReference; fileEncoding = 4; lastKnownFileType = sourcecode.c.h; path = cmac.h; sourceTree = "<group>"; };
		B102A0991DB6414F002C307C /* cms.h */ = {isa = PBXFileReference; fileEncoding = 4; lastKnownFileType = sourcecode.c.h; path = cms.h; sourceTree = "<group>"; };
		B102A09A1DB6414F002C307C /* comp.h */ = {isa = PBXFileReference; fileEncoding = 4; lastKnownFileType = sourcecode.c.h; path = comp.h; sourceTree = "<group>"; };
		B102A09B1DB6414F002C307C /* conf.h */ = {isa = PBXFileReference; fileEncoding = 4; lastKnownFileType = sourcecode.c.h; path = conf.h; sourceTree = "<group>"; };
		B102A09C1DB6414F002C307C /* conf_api.h */ = {isa = PBXFileReference; fileEncoding = 4; lastKnownFileType = sourcecode.c.h; path = conf_api.h; sourceTree = "<group>"; };
		B102A09D1DB6414F002C307C /* crypto.h */ = {isa = PBXFileReference; fileEncoding = 4; lastKnownFileType = sourcecode.c.h; path = crypto.h; sourceTree = "<group>"; };
		B102A09E1DB6414F002C307C /* des.h */ = {isa = PBXFileReference; fileEncoding = 4; lastKnownFileType = sourcecode.c.h; path = des.h; sourceTree = "<group>"; };
		B102A09F1DB6414F002C307C /* des_old.h */ = {isa = PBXFileReference; fileEncoding = 4; lastKnownFileType = sourcecode.c.h; path = des_old.h; sourceTree = "<group>"; };
		B102A0A01DB6414F002C307C /* dh.h */ = {isa = PBXFileReference; fileEncoding = 4; lastKnownFileType = sourcecode.c.h; path = dh.h; sourceTree = "<group>"; };
		B102A0A11DB6414F002C307C /* dsa.h */ = {isa = PBXFileReference; fileEncoding = 4; lastKnownFileType = sourcecode.c.h; path = dsa.h; sourceTree = "<group>"; };
		B102A0A21DB6414F002C307C /* dso.h */ = {isa = PBXFileReference; fileEncoding = 4; lastKnownFileType = sourcecode.c.h; path = dso.h; sourceTree = "<group>"; };
		B102A0A31DB6414F002C307C /* dtls1.h */ = {isa = PBXFileReference; fileEncoding = 4; lastKnownFileType = sourcecode.c.h; path = dtls1.h; sourceTree = "<group>"; };
		B102A0A41DB6414F002C307C /* e_os2.h */ = {isa = PBXFileReference; fileEncoding = 4; lastKnownFileType = sourcecode.c.h; path = e_os2.h; sourceTree = "<group>"; };
		B102A0A51DB6414F002C307C /* ebcdic.h */ = {isa = PBXFileReference; fileEncoding = 4; lastKnownFileType = sourcecode.c.h; path = ebcdic.h; sourceTree = "<group>"; };
		B102A0A61DB6414F002C307C /* ec.h */ = {isa = PBXFileReference; fileEncoding = 4; lastKnownFileType = sourcecode.c.h; path = ec.h; sourceTree = "<group>"; };
		B102A0A71DB6414F002C307C /* ecdh.h */ = {isa = PBXFileReference; fileEncoding = 4; lastKnownFileType = sourcecode.c.h; path = ecdh.h; sourceTree = "<group>"; };
		B102A0A81DB6414F002C307C /* ecdsa.h */ = {isa = PBXFileReference; fileEncoding = 4; lastKnownFileType = sourcecode.c.h; path = ecdsa.h; sourceTree = "<group>"; };
		B102A0A91DB6414F002C307C /* engine.h */ = {isa = PBXFileReference; fileEncoding = 4; lastKnownFileType = sourcecode.c.h; path = engine.h; sourceTree = "<group>"; };
		B102A0AA1DB6414F002C307C /* err.h */ = {isa = PBXFileReference; fileEncoding = 4; lastKnownFileType = sourcecode.c.h; path = err.h; sourceTree = "<group>"; };
		B102A0AB1DB6414F002C307C /* evp.h */ = {isa = PBXFileReference; fileEncoding = 4; lastKnownFileType = sourcecode.c.h; path = evp.h; sourceTree = "<group>"; };
		B102A0AC1DB6414F002C307C /* hmac.h */ = {isa = PBXFileReference; fileEncoding = 4; lastKnownFileType = sourcecode.c.h; path = hmac.h; sourceTree = "<group>"; };
		B102A0AD1DB6414F002C307C /* idea.h */ = {isa = PBXFileReference; fileEncoding = 4; lastKnownFileType = sourcecode.c.h; path = idea.h; sourceTree = "<group>"; };
		B102A0AE1DB6414F002C307C /* krb5_asn.h */ = {isa = PBXFileReference; fileEncoding = 4; lastKnownFileType = sourcecode.c.h; path = krb5_asn.h; sourceTree = "<group>"; };
		B102A0AF1DB6414F002C307C /* kssl.h */ = {isa = PBXFileReference; fileEncoding = 4; lastKnownFileType = sourcecode.c.h; path = kssl.h; sourceTree = "<group>"; };
		B102A0B01DB6414F002C307C /* lhash.h */ = {isa = PBXFileReference; fileEncoding = 4; lastKnownFileType = sourcecode.c.h; path = lhash.h; sourceTree = "<group>"; };
		B102A0B11DB6414F002C307C /* md4.h */ = {isa = PBXFileReference; fileEncoding = 4; lastKnownFileType = sourcecode.c.h; path = md4.h; sourceTree = "<group>"; };
		B102A0B21DB6414F002C307C /* md5.h */ = {isa = PBXFileReference; fileEncoding = 4; lastKnownFileType = sourcecode.c.h; path = md5.h; sourceTree = "<group>"; };
		B102A0B31DB6414F002C307C /* mdc2.h */ = {isa = PBXFileReference; fileEncoding = 4; lastKnownFileType = sourcecode.c.h; path = mdc2.h; sourceTree = "<group>"; };
		B102A0B41DB6414F002C307C /* modes.h */ = {isa = PBXFileReference; fileEncoding = 4; lastKnownFileType = sourcecode.c.h; path = modes.h; sourceTree = "<group>"; };
		B102A0B51DB6414F002C307C /* obj_mac.h */ = {isa = PBXFileReference; fileEncoding = 4; lastKnownFileType = sourcecode.c.h; path = obj_mac.h; sourceTree = "<group>"; };
		B102A0B61DB6414F002C307C /* objects.h */ = {isa = PBXFileReference; fileEncoding = 4; lastKnownFileType = sourcecode.c.h; path = objects.h; sourceTree = "<group>"; };
		B102A0B71DB6414F002C307C /* ocsp.h */ = {isa = PBXFileReference; fileEncoding = 4; lastKnownFileType = sourcecode.c.h; path = ocsp.h; sourceTree = "<group>"; };
		B102A0B81DB6414F002C307C /* opensslconf.h */ = {isa = PBXFileReference; fileEncoding = 4; lastKnownFileType = sourcecode.c.h; path = opensslconf.h; sourceTree = "<group>"; };
		B102A0B91DB6414F002C307C /* opensslv.h */ = {isa = PBXFileReference; fileEncoding = 4; lastKnownFileType = sourcecode.c.h; path = opensslv.h; sourceTree = "<group>"; };
		B102A0BA1DB6414F002C307C /* ossl_typ.h */ = {isa = PBXFileReference; fileEncoding = 4; lastKnownFileType = sourcecode.c.h; path = ossl_typ.h; sourceTree = "<group>"; };
		B102A0BB1DB6414F002C307C /* pem.h */ = {isa = PBXFileReference; fileEncoding = 4; lastKnownFileType = sourcecode.c.h; path = pem.h; sourceTree = "<group>"; };
		B102A0BC1DB6414F002C307C /* pem2.h */ = {isa = PBXFileReference; fileEncoding = 4; lastKnownFileType = sourcecode.c.h; path = pem2.h; sourceTree = "<group>"; };
		B102A0BD1DB6414F002C307C /* pkcs12.h */ = {isa = PBXFileReference; fileEncoding = 4; lastKnownFileType = sourcecode.c.h; path = pkcs12.h; sourceTree = "<group>"; };
		B102A0BE1DB6414F002C307C /* pkcs7.h */ = {isa = PBXFileReference; fileEncoding = 4; lastKnownFileType = sourcecode.c.h; path = pkcs7.h; sourceTree = "<group>"; };
		B102A0BF1DB6414F002C307C /* pqueue.h */ = {isa = PBXFileReference; fileEncoding = 4; lastKnownFileType = sourcecode.c.h; path = pqueue.h; sourceTree = "<group>"; };
		B102A0C01DB6414F002C307C /* rand.h */ = {isa = PBXFileReference; fileEncoding = 4; lastKnownFileType = sourcecode.c.h; path = rand.h; sourceTree = "<group>"; };
		B102A0C11DB6414F002C307C /* rc2.h */ = {isa = PBXFileReference; fileEncoding = 4; lastKnownFileType = sourcecode.c.h; path = rc2.h; sourceTree = "<group>"; };
		B102A0C21DB6414F002C307C /* rc4.h */ = {isa = PBXFileReference; fileEncoding = 4; lastKnownFileType = sourcecode.c.h; path = rc4.h; sourceTree = "<group>"; };
		B102A0C31DB6414F002C307C /* ripemd.h */ = {isa = PBXFileReference; fileEncoding = 4; lastKnownFileType = sourcecode.c.h; path = ripemd.h; sourceTree = "<group>"; };
		B102A0C41DB6414F002C307C /* rsa.h */ = {isa = PBXFileReference; fileEncoding = 4; lastKnownFileType = sourcecode.c.h; path = rsa.h; sourceTree = "<group>"; };
		B102A0C51DB6414F002C307C /* safestack.h */ = {isa = PBXFileReference; fileEncoding = 4; lastKnownFileType = sourcecode.c.h; path = safestack.h; sourceTree = "<group>"; };
		B102A0C61DB6414F002C307C /* seed.h */ = {isa = PBXFileReference; fileEncoding = 4; lastKnownFileType = sourcecode.c.h; path = seed.h; sourceTree = "<group>"; };
		B102A0C71DB6414F002C307C /* sha.h */ = {isa = PBXFileReference; fileEncoding = 4; lastKnownFileType = sourcecode.c.h; path = sha.h; sourceTree = "<group>"; };
		B102A0C81DB6414F002C307C /* srp.h */ = {isa = PBXFileReference; fileEncoding = 4; lastKnownFileType = sourcecode.c.h; path = srp.h; sourceTree = "<group>"; };
		B102A0C91DB6414F002C307C /* srtp.h */ = {isa = PBXFileReference; fileEncoding = 4; lastKnownFileType = sourcecode.c.h; path = srtp.h; sourceTree = "<group>"; };
		B102A0CA1DB6414F002C307C /* ssl.h */ = {isa = PBXFileReference; fileEncoding = 4; lastKnownFileType = sourcecode.c.h; path = ssl.h; sourceTree = "<group>"; };
		B102A0CB1DB6414F002C307C /* ssl2.h */ = {isa = PBXFileReference; fileEncoding = 4; lastKnownFileType = sourcecode.c.h; path = ssl2.h; sourceTree = "<group>"; };
		B102A0CC1DB6414F002C307C /* ssl23.h */ = {isa = PBXFileReference; fileEncoding = 4; lastKnownFileType = sourcecode.c.h; path = ssl23.h; sourceTree = "<group>"; };
		B102A0CD1DB6414F002C307C /* ssl3.h */ = {isa = PBXFileReference; fileEncoding = 4; lastKnownFileType = sourcecode.c.h; path = ssl3.h; sourceTree = "<group>"; };
		B102A0CE1DB6414F002C307C /* stack.h */ = {isa = PBXFileReference; fileEncoding = 4; lastKnownFileType = sourcecode.c.h; path = stack.h; sourceTree = "<group>"; };
		B102A0CF1DB6414F002C307C /* symhacks.h */ = {isa = PBXFileReference; fileEncoding = 4; lastKnownFileType = sourcecode.c.h; path = symhacks.h; sourceTree = "<group>"; };
		B102A0D01DB6414F002C307C /* tls1.h */ = {isa = PBXFileReference; fileEncoding = 4; lastKnownFileType = sourcecode.c.h; path = tls1.h; sourceTree = "<group>"; };
		B102A0D11DB6414F002C307C /* ts.h */ = {isa = PBXFileReference; fileEncoding = 4; lastKnownFileType = sourcecode.c.h; path = ts.h; sourceTree = "<group>"; };
		B102A0D21DB6414F002C307C /* txt_db.h */ = {isa = PBXFileReference; fileEncoding = 4; lastKnownFileType = sourcecode.c.h; path = txt_db.h; sourceTree = "<group>"; };
		B102A0D31DB6414F002C307C /* ui.h */ = {isa = PBXFileReference; fileEncoding = 4; lastKnownFileType = sourcecode.c.h; path = ui.h; sourceTree = "<group>"; };
		B102A0D41DB6414F002C307C /* ui_compat.h */ = {isa = PBXFileReference; fileEncoding = 4; lastKnownFileType = sourcecode.c.h; path = ui_compat.h; sourceTree = "<group>"; };
		B102A0D51DB6414F002C307C /* whrlpool.h */ = {isa = PBXFileReference; fileEncoding = 4; lastKnownFileType = sourcecode.c.h; path = whrlpool.h; sourceTree = "<group>"; };
		B102A0D61DB6414F002C307C /* x509.h */ = {isa = PBXFileReference; fileEncoding = 4; lastKnownFileType = sourcecode.c.h; path = x509.h; sourceTree = "<group>"; };
		B102A0D71DB6414F002C307C /* x509_vfy.h */ = {isa = PBXFileReference; fileEncoding = 4; lastKnownFileType = sourcecode.c.h; path = x509_vfy.h; sourceTree = "<group>"; };
		B102A0D81DB6414F002C307C /* x509v3.h */ = {isa = PBXFileReference; fileEncoding = 4; lastKnownFileType = sourcecode.c.h; path = x509v3.h; sourceTree = "<group>"; };
		B102A0D91DB6414F002C307C /* Order.h */ = {isa = PBXFileReference; fileEncoding = 4; lastKnownFileType = sourcecode.c.h; path = Order.h; sourceTree = "<group>"; };
		B102A0DA1DB6414F002C307C /* Order.m */ = {isa = PBXFileReference; fileEncoding = 4; lastKnownFileType = sourcecode.c.objc; path = Order.m; sourceTree = "<group>"; };
		B102A0DC1DB6414F002C307C /* base64.h */ = {isa = PBXFileReference; fileEncoding = 4; lastKnownFileType = sourcecode.c.h; path = base64.h; sourceTree = "<group>"; };
		B102A0DD1DB6414F002C307C /* base64.m */ = {isa = PBXFileReference; fileEncoding = 4; lastKnownFileType = sourcecode.c.objc; path = base64.m; sourceTree = "<group>"; };
		B102A0DE1DB6414F002C307C /* config.h */ = {isa = PBXFileReference; fileEncoding = 4; lastKnownFileType = sourcecode.c.h; path = config.h; sourceTree = "<group>"; };
		B102A0DF1DB6414F002C307C /* DataSigner.h */ = {isa = PBXFileReference; fileEncoding = 4; lastKnownFileType = sourcecode.c.h; path = DataSigner.h; sourceTree = "<group>"; };
		B102A0E01DB6414F002C307C /* DataSigner.m */ = {isa = PBXFileReference; fileEncoding = 4; lastKnownFileType = sourcecode.c.objc; path = DataSigner.m; sourceTree = "<group>"; };
		B102A0E11DB6414F002C307C /* DataVerifier.h */ = {isa = PBXFileReference; fileEncoding = 4; lastKnownFileType = sourcecode.c.h; path = DataVerifier.h; sourceTree = "<group>"; };
		B102A0E21DB6414F002C307C /* DataVerifier.m */ = {isa = PBXFileReference; fileEncoding = 4; lastKnownFileType = sourcecode.c.objc; path = DataVerifier.m; sourceTree = "<group>"; };
		B102A0E31DB6414F002C307C /* MD5DataSigner.h */ = {isa = PBXFileReference; fileEncoding = 4; lastKnownFileType = sourcecode.c.h; path = MD5DataSigner.h; sourceTree = "<group>"; };
		B102A0E41DB6414F002C307C /* MD5DataSigner.m */ = {isa = PBXFileReference; fileEncoding = 4; lastKnownFileType = sourcecode.c.objc; path = MD5DataSigner.m; sourceTree = "<group>"; };
		B102A0E51DB6414F002C307C /* NSDataEx.h */ = {isa = PBXFileReference; fileEncoding = 4; lastKnownFileType = sourcecode.c.h; path = NSDataEx.h; sourceTree = "<group>"; };
		B102A0E61DB6414F002C307C /* NSDataEx.m */ = {isa = PBXFileReference; fileEncoding = 4; lastKnownFileType = sourcecode.c.objc; path = NSDataEx.m; sourceTree = "<group>"; };
		B102A0E71DB6414F002C307C /* openssl_wrapper.h */ = {isa = PBXFileReference; fileEncoding = 4; lastKnownFileType = sourcecode.c.h; path = openssl_wrapper.h; sourceTree = "<group>"; };
		B102A0E81DB6414F002C307C /* openssl_wrapper.m */ = {isa = PBXFileReference; fileEncoding = 4; lastKnownFileType = sourcecode.c.objc; path = openssl_wrapper.m; sourceTree = "<group>"; };
		B102A0E91DB6414F002C307C /* RSADataSigner.h */ = {isa = PBXFileReference; fileEncoding = 4; lastKnownFileType = sourcecode.c.h; path = RSADataSigner.h; sourceTree = "<group>"; };
		B102A0EA1DB6414F002C307C /* RSADataSigner.m */ = {isa = PBXFileReference; fileEncoding = 4; lastKnownFileType = sourcecode.c.objc; path = RSADataSigner.m; sourceTree = "<group>"; };
		B102A0EB1DB6414F002C307C /* RSADataVerifier.h */ = {isa = PBXFileReference; fileEncoding = 4; lastKnownFileType = sourcecode.c.h; path = RSADataVerifier.h; sourceTree = "<group>"; };
		B102A0EC1DB6414F002C307C /* RSADataVerifier.m */ = {isa = PBXFileReference; fileEncoding = 4; lastKnownFileType = sourcecode.c.objc; path = RSADataVerifier.m; sourceTree = "<group>"; };
		B102A0F71DB641BF002C307C /* CoreGraphics.framework */ = {isa = PBXFileReference; lastKnownFileType = wrapper.framework; name = CoreGraphics.framework; path = System/Library/Frameworks/CoreGraphics.framework; sourceTree = SDKROOT; };
		B102A0F91DB641C6002C307C /* CoreText.framework */ = {isa = PBXFileReference; lastKnownFileType = wrapper.framework; name = CoreText.framework; path = System/Library/Frameworks/CoreText.framework; sourceTree = SDKROOT; };
		B102A0FB1DB641CD002C307C /* QuartzCore.framework */ = {isa = PBXFileReference; lastKnownFileType = wrapper.framework; name = QuartzCore.framework; path = System/Library/Frameworks/QuartzCore.framework; sourceTree = SDKROOT; };
		B102A0FD1DB641D3002C307C /* libz.tbd */ = {isa = PBXFileReference; lastKnownFileType = "sourcecode.text-based-dylib-definition"; name = libz.tbd; path = usr/lib/libz.tbd; sourceTree = SDKROOT; };
		B102A0FF1DB641D9002C307C /* CoreTelephony.framework */ = {isa = PBXFileReference; lastKnownFileType = wrapper.framework; name = CoreTelephony.framework; path = System/Library/Frameworks/CoreTelephony.framework; sourceTree = SDKROOT; };
		B102A1011DB641DF002C307C /* SystemConfiguration.framework */ = {isa = PBXFileReference; lastKnownFileType = wrapper.framework; name = SystemConfiguration.framework; path = System/Library/Frameworks/SystemConfiguration.framework; sourceTree = SDKROOT; };
		B102A1031DB64224002C307C /* libc++.tbd */ = {isa = PBXFileReference; lastKnownFileType = "sourcecode.text-based-dylib-definition"; name = "libc++.tbd"; path = "usr/lib/libc++.tbd"; sourceTree = SDKROOT; };
		B102A1051DB64242002C307C /* Foundation.framework */ = {isa = PBXFileReference; lastKnownFileType = wrapper.framework; name = Foundation.framework; path = System/Library/Frameworks/Foundation.framework; sourceTree = SDKROOT; };
		B102A1071DB64247002C307C /* UIKit.framework */ = {isa = PBXFileReference; lastKnownFileType = wrapper.framework; name = UIKit.framework; path = System/Library/Frameworks/UIKit.framework; sourceTree = SDKROOT; };
		B102A1091DB642E3002C307C /* CFNetwork.framework */ = {isa = PBXFileReference; lastKnownFileType = wrapper.framework; name = CFNetwork.framework; path = System/Library/Frameworks/CFNetwork.framework; sourceTree = SDKROOT; };
		B102A10C1DB64713002C307C /* CoreMotion.framework */ = {isa = PBXFileReference; lastKnownFileType = wrapper.framework; name = CoreMotion.framework; path = System/Library/Frameworks/CoreMotion.framework; sourceTree = SDKROOT; };
/* End PBXFileReference section */

/* Begin PBXFrameworksBuildPhase section */
		B102A0681DB63C47002C307C /* Frameworks */ = {
			isa = PBXFrameworksBuildPhase;
			buildActionMask = 2147483647;
			files = (
				B102A10D1DB64713002C307C /* CoreMotion.framework in Frameworks */,
				B102A10A1DB642E3002C307C /* CFNetwork.framework in Frameworks */,
				B102A1081DB64247002C307C /* UIKit.framework in Frameworks */,
				B102A1061DB64242002C307C /* Foundation.framework in Frameworks */,
				B102A1041DB64224002C307C /* libc++.tbd in Frameworks */,
				B102A1021DB641DF002C307C /* SystemConfiguration.framework in Frameworks */,
				B102A1001DB641D9002C307C /* CoreTelephony.framework in Frameworks */,
				B102A0FE1DB641D3002C307C /* libz.tbd in Frameworks */,
				B102A0FC1DB641CD002C307C /* QuartzCore.framework in Frameworks */,
				B102A0FA1DB641C6002C307C /* CoreText.framework in Frameworks */,
				B102A0F81DB641BF002C307C /* CoreGraphics.framework in Frameworks */,
				B102A08B1DB64143002C307C /* libcrypto.a in Frameworks */,
				B102A0881DB64135002C307C /* AlipaySDK.framework in Frameworks */,
				B102A08C1DB64143002C307C /* libssl.a in Frameworks */,
			);
			runOnlyForDeploymentPostprocessing = 0;
		};
/* End PBXFrameworksBuildPhase section */

/* Begin PBXGroup section */
		B102A0621DB63C47002C307C = {
			isa = PBXGroup;
			children = (
				B102A10B1DB643FB002C307C /* Framework */,
				B102A06D1DB63C47002C307C /* AliPayFirst */,
				B102A06C1DB63C47002C307C /* Products */,
			);
			sourceTree = "<group>";
		};
		B102A06C1DB63C47002C307C /* Products */ = {
			isa = PBXGroup;
			children = (
				B102A06B1DB63C47002C307C /* AliPayFirst.app */,
			);
			name = Products;
			sourceTree = "<group>";
		};
		B102A06D1DB63C47002C307C /* AliPayFirst */ = {
			isa = PBXGroup;
			children = (
				B102A0F61DB6415B002C307C /* Ali */,
				B102A0711DB63C47002C307C /* AppDelegate.h */,
				B102A0721DB63C47002C307C /* AppDelegate.m */,
				B102A0741DB63C47002C307C /* ViewController.h */,
				B102A0751DB63C47002C307C /* ViewController.m */,
				B102A0771DB63C47002C307C /* Main.storyboard */,
				B102A07A1DB63C47002C307C /* Assets.xcassets */,
				B102A07C1DB63C47002C307C /* LaunchScreen.storyboard */,
				B102A07F1DB63C47002C307C /* Info.plist */,
				B102A06E1DB63C47002C307C /* Supporting Files */,
			);
			path = AliPayFirst;
			sourceTree = "<group>";
		};
		B102A06E1DB63C47002C307C /* Supporting Files */ = {
			isa = PBXGroup;
			children = (
				B102A06F1DB63C47002C307C /* main.m */,
			);
			name = "Supporting Files";
			sourceTree = "<group>";
		};
		B102A08D1DB6414F002C307C /* openssl */ = {
			isa = PBXGroup;
			children = (
				B102A08E1DB6414F002C307C /* aes.h */,
				B102A08F1DB6414F002C307C /* asn1.h */,
				B102A0901DB6414F002C307C /* asn1_mac.h */,
				B102A0911DB6414F002C307C /* asn1t.h */,
				B102A0921DB6414F002C307C /* bio.h */,
				B102A0931DB6414F002C307C /* blowfish.h */,
				B102A0941DB6414F002C307C /* bn.h */,
				B102A0951DB6414F002C307C /* buffer.h */,
				B102A0961DB6414F002C307C /* camellia.h */,
				B102A0971DB6414F002C307C /* cast.h */,
				B102A0981DB6414F002C307C /* cmac.h */,
				B102A0991DB6414F002C307C /* cms.h */,
				B102A09A1DB6414F002C307C /* comp.h */,
				B102A09B1DB6414F002C307C /* conf.h */,
				B102A09C1DB6414F002C307C /* conf_api.h */,
				B102A09D1DB6414F002C307C /* crypto.h */,
				B102A09E1DB6414F002C307C /* des.h */,
				B102A09F1DB6414F002C307C /* des_old.h */,
				B102A0A01DB6414F002C307C /* dh.h */,
				B102A0A11DB6414F002C307C /* dsa.h */,
				B102A0A21DB6414F002C307C /* dso.h */,
				B102A0A31DB6414F002C307C /* dtls1.h */,
				B102A0A41DB6414F002C307C /* e_os2.h */,
				B102A0A51DB6414F002C307C /* ebcdic.h */,
				B102A0A61DB6414F002C307C /* ec.h */,
				B102A0A71DB6414F002C307C /* ecdh.h */,
				B102A0A81DB6414F002C307C /* ecdsa.h */,
				B102A0A91DB6414F002C307C /* engine.h */,
				B102A0AA1DB6414F002C307C /* err.h */,
				B102A0AB1DB6414F002C307C /* evp.h */,
				B102A0AC1DB6414F002C307C /* hmac.h */,
				B102A0AD1DB6414F002C307C /* idea.h */,
				B102A0AE1DB6414F002C307C /* krb5_asn.h */,
				B102A0AF1DB6414F002C307C /* kssl.h */,
				B102A0B01DB6414F002C307C /* lhash.h */,
				B102A0B11DB6414F002C307C /* md4.h */,
				B102A0B21DB6414F002C307C /* md5.h */,
				B102A0B31DB6414F002C307C /* mdc2.h */,
				B102A0B41DB6414F002C307C /* modes.h */,
				B102A0B51DB6414F002C307C /* obj_mac.h */,
				B102A0B61DB6414F002C307C /* objects.h */,
				B102A0B71DB6414F002C307C /* ocsp.h */,
				B102A0B81DB6414F002C307C /* opensslconf.h */,
				B102A0B91DB6414F002C307C /* opensslv.h */,
				B102A0BA1DB6414F002C307C /* ossl_typ.h */,
				B102A0BB1DB6414F002C307C /* pem.h */,
				B102A0BC1DB6414F002C307C /* pem2.h */,
				B102A0BD1DB6414F002C307C /* pkcs12.h */,
				B102A0BE1DB6414F002C307C /* pkcs7.h */,
				B102A0BF1DB6414F002C307C /* pqueue.h */,
				B102A0C01DB6414F002C307C /* rand.h */,
				B102A0C11DB6414F002C307C /* rc2.h */,
				B102A0C21DB6414F002C307C /* rc4.h */,
				B102A0C31DB6414F002C307C /* ripemd.h */,
				B102A0C41DB6414F002C307C /* rsa.h */,
				B102A0C51DB6414F002C307C /* safestack.h */,
				B102A0C61DB6414F002C307C /* seed.h */,
				B102A0C71DB6414F002C307C /* sha.h */,
				B102A0C81DB6414F002C307C /* srp.h */,
				B102A0C91DB6414F002C307C /* srtp.h */,
				B102A0CA1DB6414F002C307C /* ssl.h */,
				B102A0CB1DB6414F002C307C /* ssl2.h */,
				B102A0CC1DB6414F002C307C /* ssl23.h */,
				B102A0CD1DB6414F002C307C /* ssl3.h */,
				B102A0CE1DB6414F002C307C /* stack.h */,
				B102A0CF1DB6414F002C307C /* symhacks.h */,
				B102A0D01DB6414F002C307C /* tls1.h */,
				B102A0D11DB6414F002C307C /* ts.h */,
				B102A0D21DB6414F002C307C /* txt_db.h */,
				B102A0D31DB6414F002C307C /* ui.h */,
				B102A0D41DB6414F002C307C /* ui_compat.h */,
				B102A0D51DB6414F002C307C /* whrlpool.h */,
				B102A0D61DB6414F002C307C /* x509.h */,
				B102A0D71DB6414F002C307C /* x509_vfy.h */,
				B102A0D81DB6414F002C307C /* x509v3.h */,
			);
			path = openssl;
			sourceTree = "<group>";
		};
		B102A0DB1DB6414F002C307C /* Util */ = {
			isa = PBXGroup;
			children = (
				B102A0DC1DB6414F002C307C /* base64.h */,
				B102A0DD1DB6414F002C307C /* base64.m */,
				B102A0DE1DB6414F002C307C /* config.h */,
				B102A0DF1DB6414F002C307C /* DataSigner.h */,
				B102A0E01DB6414F002C307C /* DataSigner.m */,
				B102A0E11DB6414F002C307C /* DataVerifier.h */,
				B102A0E21DB6414F002C307C /* DataVerifier.m */,
				B102A0E31DB6414F002C307C /* MD5DataSigner.h */,
				B102A0E41DB6414F002C307C /* MD5DataSigner.m */,
				B102A0E51DB6414F002C307C /* NSDataEx.h */,
				B102A0E61DB6414F002C307C /* NSDataEx.m */,
				B102A0E71DB6414F002C307C /* openssl_wrapper.h */,
				B102A0E81DB6414F002C307C /* openssl_wrapper.m */,
				B102A0E91DB6414F002C307C /* RSADataSigner.h */,
				B102A0EA1DB6414F002C307C /* RSADataSigner.m */,
				B102A0EB1DB6414F002C307C /* RSADataVerifier.h */,
				B102A0EC1DB6414F002C307C /* RSADataVerifier.m */,
			);
			path = Util;
			sourceTree = "<group>";
		};
		B102A0F61DB6415B002C307C /* Ali */ = {
			isa = PBXGroup;
			children = (
				B102A0891DB64143002C307C /* libcrypto.a */,
				B102A08A1DB64143002C307C /* libssl.a */,
				B102A08D1DB6414F002C307C /* openssl */,
				B102A0D91DB6414F002C307C /* Order.h */,
				B102A0DA1DB6414F002C307C /* Order.m */,
				B102A0DB1DB6414F002C307C /* Util */,
				B102A0851DB64135002C307C /* AlipaySDK.bundle */,
				B102A0861DB64135002C307C /* AlipaySDK.framework */,
			);
			name = Ali;
			sourceTree = "<group>";
		};
		B102A10B1DB643FB002C307C /* Framework */ = {
			isa = PBXGroup;
			children = (
				B102A10C1DB64713002C307C /* CoreMotion.framework */,
				B102A1091DB642E3002C307C /* CFNetwork.framework */,
				B102A1071DB64247002C307C /* UIKit.framework */,
				B102A1051DB64242002C307C /* Foundation.framework */,
				B102A1031DB64224002C307C /* libc++.tbd */,
				B102A1011DB641DF002C307C /* SystemConfiguration.framework */,
				B102A0FF1DB641D9002C307C /* CoreTelephony.framework */,
				B102A0FD1DB641D3002C307C /* libz.tbd */,
				B102A0FB1DB641CD002C307C /* QuartzCore.framework */,
				B102A0F91DB641C6002C307C /* CoreText.framework */,
				B102A0F71DB641BF002C307C /* CoreGraphics.framework */,
			);
			name = Framework;
			sourceTree = "<group>";
		};
/* End PBXGroup section */

/* Begin PBXNativeTarget section */
		B102A06A1DB63C47002C307C /* AliPayFirst */ = {
			isa = PBXNativeTarget;
			buildConfigurationList = B102A0821DB63C47002C307C /* Build configuration list for PBXNativeTarget "AliPayFirst" */;
			buildPhases = (
				B102A0671DB63C47002C307C /* Sources */,
				B102A0681DB63C47002C307C /* Frameworks */,
				B102A0691DB63C47002C307C /* Resources */,
			);
			buildRules = (
			);
			dependencies = (
			);
			name = AliPayFirst;
			productName = AliPayFirst;
			productReference = B102A06B1DB63C47002C307C /* AliPayFirst.app */;
			productType = "com.apple.product-type.application";
		};
/* End PBXNativeTarget section */

/* Begin PBXProject section */
		B102A0631DB63C47002C307C /* Project object */ = {
			isa = PBXProject;
			attributes = {
				LastUpgradeCheck = 0730;
				ORGANIZATIONNAME = imo;
				TargetAttributes = {
					B102A06A1DB63C47002C307C = {
						CreatedOnToolsVersion = 7.3.1;
					};
				};
			};
			buildConfigurationList = B102A0661DB63C47002C307C /* Build configuration list for PBXProject "AliPayFirst" */;
			compatibilityVersion = "Xcode 3.2";
			developmentRegion = English;
			hasScannedForEncodings = 0;
			knownRegions = (
				en,
				Base,
			);
			mainGroup = B102A0621DB63C47002C307C;
			productRefGroup = B102A06C1DB63C47002C307C /* Products */;
			projectDirPath = "";
			projectRoot = "";
			targets = (
				B102A06A1DB63C47002C307C /* AliPayFirst */,
			);
		};
/* End PBXProject section */

/* Begin PBXResourcesBuildPhase section */
		B102A0691DB63C47002C307C /* Resources */ = {
			isa = PBXResourcesBuildPhase;
			buildActionMask = 2147483647;
			files = (
				B102A07E1DB63C47002C307C /* LaunchScreen.storyboard in Resources */,
				B102A07B1DB63C47002C307C /* Assets.xcassets in Resources */,
				B102A0871DB64135002C307C /* AlipaySDK.bundle in Resources */,
				B102A0791DB63C47002C307C /* Main.storyboard in Resources */,
			);
			runOnlyForDeploymentPostprocessing = 0;
		};
/* End PBXResourcesBuildPhase section */

/* Begin PBXSourcesBuildPhase section */
		B102A0671DB63C47002C307C /* Sources */ = {
			isa = PBXSourcesBuildPhase;
			buildActionMask = 2147483647;
			files = (
				B102A0EE1DB6414F002C307C /* base64.m in Sources */,
				B102A0761DB63C47002C307C /* ViewController.m in Sources */,
				B102A0F21DB6414F002C307C /* NSDataEx.m in Sources */,
				B102A0F11DB6414F002C307C /* MD5DataSigner.m in Sources */,
				B102A0F51DB6414F002C307C /* RSADataVerifier.m in Sources */,
				B102A0731DB63C47002C307C /* AppDelegate.m in Sources */,
				B102A0EF1DB6414F002C307C /* DataSigner.m in Sources */,
				B102A0F41DB6414F002C307C /* RSADataSigner.m in Sources */,
				B102A0F31DB6414F002C307C /* openssl_wrapper.m in Sources */,
				B102A0ED1DB6414F002C307C /* Order.m in Sources */,
				B102A0701DB63C47002C307C /* main.m in Sources */,
				B102A0F01DB6414F002C307C /* DataVerifier.m in Sources */,
			);
			runOnlyForDeploymentPostprocessing = 0;
		};
/* End PBXSourcesBuildPhase section */

/* Begin PBXVariantGroup section */
		B102A0771DB63C47002C307C /* Main.storyboard */ = {
			isa = PBXVariantGroup;
			children = (
				B102A0781DB63C47002C307C /* Base */,
			);
			name = Main.storyboard;
			sourceTree = "<group>";
		};
		B102A07C1DB63C47002C307C /* LaunchScreen.storyboard */ = {
			isa = PBXVariantGroup;
			children = (
				B102A07D1DB63C47002C307C /* Base */,
			);
			name = LaunchScreen.storyboard;
			sourceTree = "<group>";
		};
/* End PBXVariantGroup section */

/* Begin XCBuildConfiguration section */
		B102A0801DB63C47002C307C /* Debug */ = {
			isa = XCBuildConfiguration;
			buildSettings = {
				ALWAYS_SEARCH_USER_PATHS = NO;
				CLANG_ANALYZER_NONNULL = YES;
				CLANG_CXX_LANGUAGE_STANDARD = "gnu++0x";
				CLANG_CXX_LIBRARY = "libc++";
				CLANG_ENABLE_MODULES = YES;
				CLANG_ENABLE_OBJC_ARC = YES;
				CLANG_WARN_BOOL_CONVERSION = YES;
				CLANG_WARN_CONSTANT_CONVERSION = YES;
				CLANG_WARN_DIRECT_OBJC_ISA_USAGE = YES_ERROR;
				CLANG_WARN_EMPTY_BODY = YES;
				CLANG_WARN_ENUM_CONVERSION = YES;
				CLANG_WARN_INT_CONVERSION = YES;
				CLANG_WARN_OBJC_ROOT_CLASS = YES_ERROR;
				CLANG_WARN_UNREACHABLE_CODE = YES;
				CLANG_WARN__DUPLICATE_METHOD_MATCH = YES;
				"CODE_SIGN_IDENTITY[sdk=iphoneos*]" = "iPhone Developer";
				COPY_PHASE_STRIP = NO;
				DEBUG_INFORMATION_FORMAT = dwarf;
				ENABLE_STRICT_OBJC_MSGSEND = YES;
				ENABLE_TESTABILITY = YES;
				GCC_C_LANGUAGE_STANDARD = gnu99;
				GCC_DYNAMIC_NO_PIC = NO;
				GCC_NO_COMMON_BLOCKS = YES;
				GCC_OPTIMIZATION_LEVEL = 0;
				GCC_PREPROCESSOR_DEFINITIONS = (
					"DEBUG=1",
					"$(inherited)",
				);
				GCC_WARN_64_TO_32_BIT_CONVERSION = YES;
				GCC_WARN_ABOUT_RETURN_TYPE = YES_ERROR;
				GCC_WARN_UNDECLARED_SELECTOR = YES;
				GCC_WARN_UNINITIALIZED_AUTOS = YES_AGGRESSIVE;
				GCC_WARN_UNUSED_FUNCTION = YES;
				GCC_WARN_UNUSED_VARIABLE = YES;
				IPHONEOS_DEPLOYMENT_TARGET = 9.3;
				MTL_ENABLE_DEBUG_INFO = YES;
				ONLY_ACTIVE_ARCH = YES;
				SDKROOT = iphoneos;
			};
			name = Debug;
		};
		B102A0811DB63C47002C307C /* Release */ = {
			isa = XCBuildConfiguration;
			buildSettings = {
				ALWAYS_SEARCH_USER_PATHS = NO;
				CLANG_ANALYZER_NONNULL = YES;
				CLANG_CXX_LANGUAGE_STANDARD = "gnu++0x";
				CLANG_CXX_LIBRARY = "libc++";
				CLANG_ENABLE_MODULES = YES;
				CLANG_ENABLE_OBJC_ARC = YES;
				CLANG_WARN_BOOL_CONVERSION = YES;
				CLANG_WARN_CONSTANT_CONVERSION = YES;
				CLANG_WARN_DIRECT_OBJC_ISA_USAGE = YES_ERROR;
				CLANG_WARN_EMPTY_BODY = YES;
				CLANG_WARN_ENUM_CONVERSION = YES;
				CLANG_WARN_INT_CONVERSION = YES;
				CLANG_WARN_OBJC_ROOT_CLASS = YES_ERROR;
				CLANG_WARN_UNREACHABLE_CODE = YES;
				CLANG_WARN__DUPLICATE_METHOD_MATCH = YES;
				"CODE_SIGN_IDENTITY[sdk=iphoneos*]" = "iPhone Developer";
				COPY_PHASE_STRIP = NO;
				DEBUG_INFORMATION_FORMAT = "dwarf-with-dsym";
				ENABLE_NS_ASSERTIONS = NO;
				ENABLE_STRICT_OBJC_MSGSEND = YES;
				GCC_C_LANGUAGE_STANDARD = gnu99;
				GCC_NO_COMMON_BLOCKS = YES;
				GCC_WARN_64_TO_32_BIT_CONVERSION = YES;
				GCC_WARN_ABOUT_RETURN_TYPE = YES_ERROR;
				GCC_WARN_UNDECLARED_SELECTOR = YES;
				GCC_WARN_UNINITIALIZED_AUTOS = YES_AGGRESSIVE;
				GCC_WARN_UNUSED_FUNCTION = YES;
				GCC_WARN_UNUSED_VARIABLE = YES;
				IPHONEOS_DEPLOYMENT_TARGET = 9.3;
				MTL_ENABLE_DEBUG_INFO = NO;
				SDKROOT = iphoneos;
				VALIDATE_PRODUCT = YES;
			};
			name = Release;
		};
		B102A0831DB63C47002C307C /* Debug */ = {
			isa = XCBuildConfiguration;
			buildSettings = {
				ASSETCATALOG_COMPILER_APPICON_NAME = AppIcon;
				FRAMEWORK_SEARCH_PATHS = (
					"$(inherited)",
					"$(PROJECT_DIR)/AliPayFirst",
				);
				HEADER_SEARCH_PATHS = (
					"$(PROJECT_DIR)",
					"$(PROJECT_DIR)/AliPayFirst",
					"$(PROJECT_DIR)/openssl",
				);
				INFOPLIST_FILE = AliPayFirst/Info.plist;
				LD_RUNPATH_SEARCH_PATHS = "$(inherited) @executable_path/Frameworks";
				LIBRARY_SEARCH_PATHS = (
					"$(inherited)",
					"$(PROJECT_DIR)/AliPayFirst",
				);
				PRODUCT_BUNDLE_IDENTIFIER = com.imo.AliPayFirst;
				PRODUCT_NAME = "$(TARGET_NAME)";
			};
			name = Debug;
		};
		B102A0841DB63C47002C307C /* Release */ = {
			isa = XCBuildConfiguration;
			buildSettings = {
				ASSETCATALOG_COMPILER_APPICON_NAME = AppIcon;
				FRAMEWORK_SEARCH_PATHS = (
					"$(inherited)",
					"$(PROJECT_DIR)/AliPayFirst",
				);
				HEADER_SEARCH_PATHS = (
					"$(PROJECT_DIR)",
					"$(PROJECT_DIR)/AliPayFirst",
					"$(PROJECT_DIR)/openssl",
				);
				INFOPLIST_FILE = AliPayFirst/Info.plist;
				LD_RUNPATH_SEARCH_PATHS = "$(inherited) @executable_path/Frameworks";
				LIBRARY_SEARCH_PATHS = (
					"$(inherited)",
					"$(PROJECT_DIR)/AliPayFirst",
				);
				PRODUCT_BUNDLE_IDENTIFIER = com.imo.AliPayFirst;
				PRODUCT_NAME = "$(TARGET_NAME)";
			};
			name = Release;
		};
/* End XCBuildConfiguration section */

/* Begin XCConfigurationList section */
		B102A0661DB63C47002C307C /* Build configuration list for PBXProject "AliPayFirst" */ = {
			isa = XCConfigurationList;
			buildConfigurations = (
				B102A0801DB63C47002C307C /* Debug */,
				B102A0811DB63C47002C307C /* Release */,
			);
			defaultConfigurationIsVisible = 0;
			defaultConfigurationName = Release;
		};
		B102A0821DB63C47002C307C /* Build configuration list for PBXNativeTarget "AliPayFirst" */ = {
			isa = XCConfigurationList;
			buildConfigurations = (
				B102A0831DB63C47002C307C /* Debug */,
				B102A0841DB63C47002C307C /* Release */,
			);
			defaultConfigurationIsVisible = 0;
		};
/* End XCConfigurationList section */
	};
	rootObject = B102A0631DB63C47002C307C /* Project object */;
}
